version = 1
revision = 3
requires-python = ">=3.11"

[[package]]
name = "maturin"
version = "1.12.5"
source = { registry = "https://pypi.org/simple" }
sdist = { url = "https://files.pythonhosted.org/packages/a4/15/4c41c4c951718f8c17ed1621b7999afb8d72d69c731c987b47e3c138d4ad/maturin-1.12.5.tar.gz", hash = "sha256:236943b7aff3e85ccd2b7a35ca10b64595f2c169bbb605e349e54534ff561a15", size = 267392, upload-time = "2026-02-28T12:18:14.632Z" }
wheels = [
    { url = "https://files.pythonhosted.org/packages/b5/9e/4b910f5e0a46d7ab0050b58eecd2eaf4e0df8665982a0c5925371d4b0593/maturin-1.12.5-py3-none-linux_armv6l.whl", hash = "sha256:e5945534107439cf4f3734f195bc54f56515f5d465e96041f4866a2f15605ee8", size = 9793120, upload-time = "2026-02-28T12:18:19.707Z" },
    { url = "https://files.pythonhosted.org/packages/c5/e0/d670dfd96dc331d4a7cedeee49705f0dc5b5d0d6e78d46b92ada2825711c/maturin-1.12.5-py3-none-macosx_10_12_x86_64.macosx_11_0_arm64.macosx_10_12_universal2.whl", hash = "sha256:74bc126c4d4606cd526aedc993de320b1529c2659b4d3f4029a824c96ef39b92", size = 19018577, upload-time = "2026-02-28T12:18:39.779Z" },
    { url = "https://files.pythonhosted.org/packages/e2/86/91d829eb28f2d21f001df29b98f73b017e3adfaa49a3b4b2666ffcf7c12f/maturin-1.12.5-py3-none-macosx_10_12_x86_64.whl", hash = "sha256:98e49546bff6319c3c59b22f9de43161fa09d3a756dc2f04829ea22ed00e2ed6", size = 9838517, upload-time = "2026-02-28T12:18:22.916Z" },
    { url = "https://files.pythonhosted.org/packages/bb/37/9a17341679710b79c530557703eb1fd2732aa41a5c46810633cf3305c225/maturin-1.12.5-py3-none-manylinux_2_12_i686.manylinux2010_i686.musllinux_1_1_i686.whl", hash = "sha256:e1a3ceb55349a16fef6e1662c170af2f2636a690a6fdae8edb5e71edcf5a3a5a", size = 9827192, upload-time = "2026-02-28T12:18:34.031Z" },
    { url = "https://files.pythonhosted.org/packages/b7/95/cec17826cdbfcbcc8482540de1559053a26e2c3cf4df5ee8515e04bd2cf2/maturin-1.12.5-py3-none-manylinux_2_12_x86_64.manylinux2010_x86_64.musllinux_1_1_x86_64.whl", hash = "sha256:ed59f6a24a9b107a2812b8c0ef48a0f0abddcfa18e120dd028bfc8fa2883ff2c", size = 10242722, upload-time = "2026-02-28T12:18:12.52Z" },
    { url = "https://files.pythonhosted.org/packages/f4/8a/63f992c82bfbeb79293c1db294e8e4045cd8b3560ce1139aebde47c53be6/maturin-1.12.5-py3-none-manylinux_2_17_aarch64.manylinux2014_aarch64.musllinux_1_1_aarch64.whl", hash = "sha256:841b243e4212d343aac1e6b02a523d14bd8ae1291594fa1d875b08448863742a", size = 9686989, upload-time = "2026-02-28T12:18:16.939Z" },
    { url = "https://files.pythonhosted.org/packages/db/05/b03a7cbfa019a3cce3fc9acd47426494cd906bd19068d995e6c49e7a75cd/maturin-1.12.5-py3-none-manylinux_2_17_armv7l.manylinux2014_armv7l.musllinux_1_1_armv7l.whl", hash = "sha256:7e647fad0236b80fd28b82b6f8bfe7771c7dbd8f41b96cff1f8b3d06e2ebb188", size = 9632401, upload-time = "2026-02-28T12:18:42.698Z" },
    { url = "https://files.pythonhosted.org/packages/59/ab/2d799e638df24b13ca74cc1c7b0d657653c0660d4241fd386c516ebdbc97/maturin-1.12.5-py3-none-manylinux_2_17_ppc64le.manylinux2014_ppc64le.musllinux_1_1_ppc64le.whl", hash = "sha256:8e3ff2729a0ea5853ff000041701d3f0284d73ef0c9c29dd3568116bd5936e38", size = 12724579, upload-time = "2026-02-28T12:18:45.626Z" },
    { url = "https://files.pythonhosted.org/packages/93/1c/0eb3a9382ec11eec76451e2560812a600245e33ca3245c4ef45e32a664d5/maturin-1.12.5-py3-none-manylinux_2_17_s390x.manylinux2014_s390x.whl", hash = "sha256:90a499ec738f3cfbb7ad0256c357b4d5b8e74ec98568c8ffbe4911830fc8e233", size = 10446845, upload-time = "2026-02-28T12:18:28.837Z" },
    { url = "https://files.pythonhosted.org/packages/75/df/1779773ca5561abb22d968289285a6ca2f40d87472f28a7318eff26b9f24/maturin-1.12.5-py3-none-manylinux_2_31_riscv64.musllinux_1_1_riscv64.whl", hash = "sha256:710240583c0431c63975bd975b3c54987fe3f014081cac2b18d68e5176fb54c2", size = 10005785, upload-time = "2026-02-28T12:18:26.197Z" },
    { url = "https://files.pythonhosted.org/packages/c8/1b/b02bec7f44b48f2ef7c6729c931fe1329bd95074b7b85abb547146912a9b/maturin-1.12.5-py3-none-win32.whl", hash = "sha256:91c163cd96978eba35137284714065052357f6d73096956b39bce38e0e62f81a", size = 8555052, upload-time = "2026-02-28T12:18:09.819Z" },
    { url = "https://files.pythonhosted.org/packages/65/b2/ff02747eedc86972822e2c06ffb2e0cff2f01a71d626122ba289529b256d/maturin-1.12.5-py3-none-win_amd64.whl", hash = "sha256:452382b0ccd9416df5a4eabe77efad7d7ac204eabff61d043f243b888f59bc46", size = 9894151, upload-time = "2026-02-28T12:18:36.752Z" },
    { url = "https://files.pythonhosted.org/packages/e4/a4/ba4160439870cd434525943c19eedbc7a761d3dba91ee8e0b5caf56320e3/maturin-1.12.5-py3-none-win_arm64.whl", hash = "sha256:91dcb25b0d6e2c76d18af4491ca6d7df34b91f9a026415b447908b8c5c2a7fc0", size = 8590220, upload-time = "2026-02-28T12:18:31.462Z" },
]

[[package]]
name = "python-proto-importer"
source = { editable = "." }
dependencies = [
    { name = "maturin" },
]

[package.metadata]
requires-dist = [{ name = "maturin", specifier = ">=1.4,<2" }]
