version = 1
revision = 3
requires-python = "==3.14.*"

[[package]]
name = "colorama"
version = "0.4.6"
source = { registry = "https://pypi.org/simple" }
sdist = { url = "https://files.pythonhosted.org/packages/d8/53/6f443c9a4a8358a93a6792e2acffb9d9d5cb0a5cfd8802644b7b1c9a02e4/colorama-0.4.6.tar.gz", hash = "sha256:08695f5cb7ed6e0531a20572697297273c47b8cae5a63ffc6d6ed5c201be6e44", size = 27697, upload-time = "2022-10-25T02:36:22.414Z" }
wheels = [
    { url = "https://files.pythonhosted.org/packages/d1/d6/3965ed04c63042e047cb6a3e6ed1a63a35087b6a609aa3a15ed8ac56c221/colorama-0.4.6-py2.py3-none-any.whl", hash = "sha256:4f1d9991f5acc0ca119f9d443620b77f9d6b33703e51011c16baf57afb285fc6", size = 25335, upload-time = "2022-10-25T02:36:20.889Z" },
]

[[package]]
name = "grpc-stubs"
version = "1.53.0.6"
source = { registry = "https://pypi.org/simple" }
dependencies = [
    { name = "grpcio" },
]
sdist = { url = "https://files.pythonhosted.org/packages/16/8d/718393d12346c6ab842a1ad2b1a761c175e919ddce4a28c5dc63e4a5538c/grpc_stubs-1.53.0.6.tar.gz", hash = "sha256:70a0840747bd73c2c82fe819699bbf4fcf6d59bd0ed27a4713a240e0c697e1ff", size = 12954, upload-time = "2025-04-28T11:12:55.407Z" }
wheels = [
    { url = "https://files.pythonhosted.org/packages/38/c6/c64257331aa4b7a049bd70124d97278071e78b5d5de09df6a5eae4610bbe/grpc_stubs-1.53.0.6-py3-none-any.whl", hash = "sha256:3ffc5a6b5bd84ac46f3d84e2434e97936c1262b47b71b462bdedc43caaf227e1", size = 15842, upload-time = "2025-04-28T11:12:53.982Z" },
]

[[package]]
name = "grpcio"
version = "1.83.0"
source = { registry = "https://pypi.org/simple" }
dependencies = [
    { name = "typing-extensions" },
]
sdist = { url = "https://files.pythonhosted.org/packages/0c/98/304898ac4e04e2d5e4e4c2eadc178b1f2a16d5f4bc2f91306c87d64680b9/grpcio-1.83.0.tar.gz", hash = "sha256:7674587248fbbb2ac6e4eecf83a8a0f3d91a928f941de571acfd3a2f007fbc24", size = 13428824, upload-time = "2026-07-23T15:20:37.759Z" }
wheels = [
    { url = "https://files.pythonhosted.org/packages/9c/60/f2cca8147ea213d3e43ae9158d03ad04e020fdf32ff027253e1fe93f921d/grpcio-1.83.0-cp314-cp314-linux_armv7l.whl", hash = "sha256:3f351629f6ae16ecc0ec3553e586a6763ffd9f6114044286d0cbec3e09241bfa", size = 6305607, upload-time = "2026-07-23T15:20:15.353Z" },
    { url = "https://files.pythonhosted.org/packages/d0/ab/d3874931d123a95e83a3ebf8aa04537988fb62425cedb8bf3cefc5ad41b2/grpcio-1.83.0-cp314-cp314-macosx_11_0_universal2.whl", hash = "sha256:d05ff664100d429335b93c91b8b34ddf9e94a112205e7fa06dede309e44a4e4c", size = 12166617, upload-time = "2026-07-23T15:20:17.435Z" },
    { url = "https://files.pythonhosted.org/packages/92/ff/6f18f9426b69306f4e00a9add3b0ee2748da8aad53836ef80cab0d62d04f/grpcio-1.83.0-cp314-cp314-manylinux2014_aarch64.manylinux_2_17_aarch64.whl", hash = "sha256:7936f2a56cf04f6514705c0fedf400971de01b6aa1719327e4718f410a765e2b", size = 6880213, upload-time = "2026-07-23T15:20:19.98Z" },
    { url = "https://files.pythonhosted.org/packages/70/21/706d1147c6b93b98f179240c13991fbcc56880eba0c868abb1ad40d8a0a6/grpcio-1.83.0-cp314-cp314-manylinux2014_i686.manylinux_2_17_i686.whl", hash = "sha256:b0a0be840e51b6b7ee9df9269770faf77bdf4b771053c257c21d12bad607714c", size = 7618335, upload-time = "2026-07-23T15:20:22.161Z" },
    { url = "https://files.pythonhosted.org/packages/74/04/1a8443c889115ec9e213a213e86bc93a71ee9088027e5befa09aaa0edd9d/grpcio-1.83.0-cp314-cp314-manylinux2014_x86_64.manylinux_2_17_x86_64.whl", hash = "sha256:009667eaf3dcd5224c713589cdc98e7ca4ed0ff0b61132c6b276e930eb83a2df", size = 7043416, upload-time = "2026-07-23T15:20:24.209Z" },
    { url = "https://files.pythonhosted.org/packages/86/c6/94e0fee5b12bc1da1370185b680988db6f739d19b42d9959db01a7ea50bf/grpcio-1.83.0-cp314-cp314-musllinux_1_2_aarch64.whl", hash = "sha256:bb669918fd88936b15599caff4160a77ab74bdeb25f2231f6e45b61282d6107b", size = 7583253, upload-time = "2026-07-23T15:20:26.313Z" },
    { url = "https://files.pythonhosted.org/packages/a0/97/de1ccb671fb85575bc5192faedf9ecdbdf5b390d2e6584dcf552bcbd370e/grpcio-1.83.0-cp314-cp314-musllinux_1_2_i686.whl", hash = "sha256:c19b454d3d3f28db81f2c7c4dbaee96e7f6fd149721733ffe79d6bc530f17404", size = 8605102, upload-time = "2026-07-23T15:20:28.437Z" },
    { url = "https://files.pythonhosted.org/packages/17/0f/0e0ec749a7034ffcbaa050e39779872950ead90c22e7e0116be3f28b2b46/grpcio-1.83.0-cp314-cp314-musllinux_1_2_x86_64.whl", hash = "sha256:61007cd08640abc5c54547ee32505474c482cd733a53cb87551ea81faa6350af", size = 7979826, upload-time = "2026-07-23T15:20:31.182Z" },
    { url = "https://files.pythonhosted.org/packages/83/fa/c3fda157287f64bc65acee6c5aa90c41acf9e0d3a8e69a265eecff6d00a1/grpcio-1.83.0-cp314-cp314-win32.whl", hash = "sha256:32e11c37f5285b0c6fa3042c05fe06903696689749833fc64e67dec71b9bbe33", size = 4471765, upload-time = "2026-07-23T15:20:33.195Z" },
    { url = "https://files.pythonhosted.org/packages/a1/00/b1b26431c9d54eee11724fd6e5585473a2ed47fbc1fb95e5204906a642ce/grpcio-1.83.0-cp314-cp314-win_amd64.whl", hash = "sha256:2bb48cb5e6dd005ca12b89ce4b6ac0b48ff3112c747542ee7986ef611a8ca6d9", size = 5298932, upload-time = "2026-07-23T15:20:35.48Z" },
]

[[package]]
name = "grpcio-tools"
version = "1.83.0"
source = { registry = "https://pypi.org/simple" }
dependencies = [
    { name = "grpcio" },
    { name = "protobuf" },
    { name = "setuptools" },
]
sdist = { url = "https://files.pythonhosted.org/packages/c1/b1/50b17b3a2ba8970dbb00b2035a4df218bc6ec88d2d77fc7da4e42e1c7b19/grpcio_tools-1.83.0.tar.gz", hash = "sha256:515907265d14fa9975d0c7723f95a9da01463d7ac607546a03f8741f86a1bb07", size = 6400437, upload-time = "2026-07-23T15:22:18.313Z" }
wheels = [
    { url = "https://files.pythonhosted.org/packages/b2/bd/3abb9c200f90110805553ca0e8f7908a0b89485ea99bb271daa37eaafb72/grpcio_tools-1.83.0-cp314-cp314-linux_armv7l.whl", hash = "sha256:1ea047ff4bd2bb32fe5268042cb9c9e7bb054e932b52ad756642622f032ef656", size = 2652841, upload-time = "2026-07-23T15:21:58.726Z" },
    { url = "https://files.pythonhosted.org/packages/a2/46/d5beb04f0ffe552e55eaddd3413786e17a1fa68edb2fd8398969c38bc7e8/grpcio_tools-1.83.0-cp314-cp314-macosx_11_0_universal2.whl", hash = "sha256:7a8ac9cb3fbf7a5e4fe59f211e77b4fa4d51279c9f480e6ff98037cf56da1ad8", size = 5963493, upload-time = "2026-07-23T15:22:00.547Z" },
    { url = "https://files.pythonhosted.org/packages/40/1b/d8e01ca3281cb59722372c415024a7e70e8a653e70e2075e875394e4f761/grpcio_tools-1.83.0-cp314-cp314-manylinux2014_aarch64.manylinux_2_17_aarch64.whl", hash = "sha256:a5fa95fb33a600d2491867a1048f47baa27a830eac01f475043b8ccf63a471eb", size = 2705303, upload-time = "2026-07-23T15:22:02.448Z" },
    { url = "https://files.pythonhosted.org/packages/83/43/75b382d8f116e274ce639ec55a6908dc792627b01d3c47b4f8991701203b/grpcio_tools-1.83.0-cp314-cp314-manylinux2014_i686.manylinux_2_17_i686.whl", hash = "sha256:0ca67941524662e01adea91571bb79df1ac9b4b2641812ef8636e21945119bee", size = 3033047, upload-time = "2026-07-23T15:22:04.445Z" },
    { url = "https://files.pythonhosted.org/packages/0f/9f/200fb55729b735192fded061f53aa37c88cf9f58933cb108e16f5c1fd967/grpcio_tools-1.83.0-cp314-cp314-manylinux2014_x86_64.manylinux_2_17_x86_64.whl", hash = "sha256:e2a5816a5b6b06b42a6989f02944841c2a8b3daaa7f033dac9267f70078028ef", size = 2773830, upload-time = "2026-07-23T15:22:06.519Z" },
    { url = "https://files.pythonhosted.org/packages/d1/bc/e585c4e255599ec45f2e07e0f570352158354285afd65ef30ceda97b445e/grpcio_tools-1.83.0-cp314-cp314-musllinux_1_2_aarch64.whl", hash = "sha256:f4a83f002895b11c4a862c366d77165825e0064aff14bf2c7453f59f66599b0e", size = 3229907, upload-time = "2026-07-23T15:22:08.358Z" },
    { url = "https://files.pythonhosted.org/packages/4d/a1/0c098b4ff64d948666b79d0036ce104b8c2209e6f4d1594046044dcfa25d/grpcio_tools-1.83.0-cp314-cp314-musllinux_1_2_i686.whl", hash = "sha256:1cfee967ae073bc064862971871229248965422f38556096aec76db19d8a8c79", size = 3802600, upload-time = "2026-07-23T15:22:10.393Z" },
    { url = "https://files.pythonhosted.org/packages/d4/e1/249047aab0da8c6b3b2e0156e6868aa0b598973ddf53f59186c43664ff96/grpcio_tools-1.83.0-cp314-cp314-musllinux_1_2_x86_64.whl", hash = "sha256:f7e82ee718ae09f879cb832e4517a56691de24383a2da673be184ad8b18e452f", size = 3461307, upload-time = "2026-07-23T15:22:12.33Z" },
    { url = "https://files.pythonhosted.org/packages/39/aa/11a228c47acecde2e05715bda4480e5a695690e00776c1db391e5a02c1f7/grpcio_tools-1.83.0-cp314-cp314-win32.whl", hash = "sha256:846fd211ebb72f50d39d3874cc0d616c2b9bcb71db51121ca86af29eec013c74", size = 1045047, upload-time = "2026-07-23T15:22:14.23Z" },
    { url = "https://files.pythonhosted.org/packages/30/b1/d1f150b2ab3b4ae9932c05104fe1edbcb7fbf505587ea8db99e49341a05f/grpcio_tools-1.83.0-cp314-cp314-win_amd64.whl", hash = "sha256:b8c9686b0c19f70b63d8d6cfeff5ad3480bdedecd60f14711fe43950f5397253", size = 1224199, upload-time = "2026-07-23T15:22:16.064Z" },
]

[[package]]
name = "iniconfig"
version = "2.3.0"
source = { registry = "https://pypi.org/simple" }
sdist = { url = "https://files.pythonhosted.org/packages/72/34/14ca021ce8e5dfedc35312d08ba8bf51fdd999c576889fc2c24cb97f4f10/iniconfig-2.3.0.tar.gz", hash = "sha256:c76315c77db068650d49c5b56314774a7804df16fee4402c1f19d6d15d8c4730", size = 20503, upload-time = "2025-10-18T21:55:43.219Z" }
wheels = [
    { url = "https://files.pythonhosted.org/packages/cb/b1/3846dd7f199d53cb17f49cba7e651e9ce294d8497c8c150530ed11865bb8/iniconfig-2.3.0-py3-none-any.whl", hash = "sha256:f631c04d2c48c52b84d0d0549c99ff3859c98df65b3101406327ecc7d53fbf12", size = 7484, upload-time = "2025-10-18T21:55:41.639Z" },
]

[[package]]
name = "librt"
version = "0.13.0"
source = { registry = "https://pypi.org/simple" }
sdist = { url = "https://files.pythonhosted.org/packages/dc/2f/3908645ddddab7120b46295e541ead308109fa48dbec7d67d7a778870d60/librt-0.13.0.tar.gz", hash = "sha256:1d2a610c14ac0d0750ee0a3ab8548e83155258387891caaca04def4bf7289781", size = 211402, upload-time = "2026-07-08T12:26:29.834Z" }
wheels = [
    { url = "https://files.pythonhosted.org/packages/7b/66/f49ae0d592bd45b6941e9a8bafcb6a87cddcd501ee7874707e767f01b585/librt-0.13.0-cp314-cp314-macosx_10_15_x86_64.whl", hash = "sha256:25218d94b1d2cbc0ba1d8a3f9dc9af578d9646e5ed16443a70cde1dfdcce6d71", size = 149818, upload-time = "2026-07-08T12:25:37.203Z" },
    { url = "https://files.pythonhosted.org/packages/3d/50/51c76d74014d04fb95b6506d286808984b78a2f7a41039094e6b2194ac48/librt-0.13.0-cp314-cp314-macosx_11_0_arm64.whl", hash = "sha256:f26629539d4893c2957a16c41bb058e1e135c1f150f6a2e25ed047f64cf3f5c6", size = 154071, upload-time = "2026-07-08T12:25:39.399Z" },
    { url = "https://files.pythonhosted.org/packages/b8/fe/f19b0f5f82d5a1f2da736586bc840abd00ce07d6388136ae80b7333883fc/librt-0.13.0-cp314-cp314-manylinux2014_aarch64.manylinux_2_17_aarch64.manylinux_2_28_aarch64.whl", hash = "sha256:a4517d47b2b8af26975a406fba7d314de9696d864252e0257c6ea90238cfe27f", size = 494168, upload-time = "2026-07-08T12:25:40.641Z" },
    { url = "https://files.pythonhosted.org/packages/94/bc/b8550c75775127fd31a5f20e8775997f7b527ad661fc8ddccd7497c064f7/librt-0.13.0-cp314-cp314-manylinux2014_i686.manylinux_2_17_i686.manylinux_2_28_i686.whl", hash = "sha256:f19e181de5b3a1148bb3420b8c4b0b0ea0fce6950099724ad151d6cea5acc180", size = 491054, upload-time = "2026-07-08T12:25:41.905Z" },
    { url = "https://files.pythonhosted.org/packages/30/14/4d0204867623df3f33f86efd3d3692ba5e01321443f4d6eab35a22697618/librt-0.13.0-cp314-cp314-manylinux2014_x86_64.manylinux_2_17_x86_64.manylinux_2_28_x86_64.whl", hash = "sha256:22034924f5b42d5a56371cf271771bfeaabf235a7a8b6264bef2d20013f786c6", size = 523006, upload-time = "2026-07-08T12:25:43.327Z" },
    { url = "https://files.pythonhosted.org/packages/19/0a/c45fc9a260934696bace1ac5df1e148ac92bd71767aee3bf7cd7a4534f4c/librt-0.13.0-cp314-cp314-manylinux_2_34_riscv64.manylinux_2_39_riscv64.whl", hash = "sha256:c7897db4e95e22468bdda33d8e012ceacd0182abf001e6389d763f0def6286b9", size = 515058, upload-time = "2026-07-08T12:25:44.541Z" },
    { url = "https://files.pythonhosted.org/packages/13/0a/50c5ce45b326854ef8fa6ae4c36cf5142e5c55315eaf9e51d0ae73ac4da3/librt-0.13.0-cp314-cp314-musllinux_1_2_aarch64.whl", hash = "sha256:1ce61b3746545029d4f5c17d6bd74b676254ad98433086c846ffb5e8fa73f007", size = 534025, upload-time = "2026-07-08T12:25:45.825Z" },
    { url = "https://files.pythonhosted.org/packages/89/2d/08c413c8f93fc13b8103624fce38e5caa86cd08cbbc8465870ab287af54b/librt-0.13.0-cp314-cp314-musllinux_1_2_i686.whl", hash = "sha256:46c330e82565962c761dbce7941be2cff7db674ee807455a8d0cadc5f9b759b0", size = 540557, upload-time = "2026-07-08T12:25:47.059Z" },
    { url = "https://files.pythonhosted.org/packages/b3/c1/93af71fb4a364952210051811dd4e40174e79656b050c89cacac18af3330/librt-0.13.0-cp314-cp314-musllinux_1_2_riscv64.whl", hash = "sha256:375f5af8f99cbaa99dd293af986e3d57caabc9ba81a5d3f021603764854197a1", size = 523201, upload-time = "2026-07-08T12:25:48.392Z" },
    { url = "https://files.pythonhosted.org/packages/c1/6e/9766f07b676a4889d9f8bc2864e9ba5fff165653143ef4dda7df6aa34d16/librt-0.13.0-cp314-cp314-musllinux_1_2_x86_64.whl", hash = "sha256:9320d34c3376ae204b2cd176e8d4883a013934e0aef822f1aed9c536490c275d", size = 565740, upload-time = "2026-07-08T12:25:49.678Z" },
    { url = "https://files.pythonhosted.org/packages/a2/1e/664e3472ce2b6e10e9b83f29d4a36eb982ff6b5a169ae7567bba3a4c4ff5/librt-0.13.0-cp314-cp314-pyemscripten_2026_0_wasm32.whl", hash = "sha256:9af313c66157a69dc69ea0059a66961692250e0dc95af9c385a48ffb770a0d16", size = 81611, upload-time = "2026-07-08T12:25:50.857Z" },
    { url = "https://files.pythonhosted.org/packages/2f/d4/8582a4d65e2234673685e07309d02c230b28a85724eb0acbf13f019b7f6e/librt-0.13.0-cp314-cp314-win32.whl", hash = "sha256:f2a7253458e34f33543551394ae4fe104b497ec2a65ac266074de64c1df82e37", size = 100106, upload-time = "2026-07-08T12:25:52.03Z" },
    { url = "https://files.pythonhosted.org/packages/63/ce/0cb99efe6086b46cd985dc26672166fae312a239690e75871f7fafbd3fc5/librt-0.13.0-cp314-cp314-win_amd64.whl", hash = "sha256:a3dfe4edf10e8ed7e55b026a8bfc2c2a8704218b659cd4bffdf604fab966dc39", size = 121209, upload-time = "2026-07-08T12:25:53.166Z" },
    { url = "https://files.pythonhosted.org/packages/26/85/4f3ccb083a3c9b0d42e223acdb3c3f507953324a59cdcab4826e8e2e3b89/librt-0.13.0-cp314-cp314-win_arm64.whl", hash = "sha256:68a5faee4bba381cb93b5961f684a514cf0053cb92308ff9c792c2fea0b174c6", size = 106404, upload-time = "2026-07-08T12:25:54.253Z" },
    { url = "https://files.pythonhosted.org/packages/b2/77/333191499538c8e8189de7a4cba8e6f49ee949fd6d6e6324b21fd1522466/librt-0.13.0-cp314-cp314t-macosx_10_15_x86_64.whl", hash = "sha256:a38fb81d8376dfa2f8963b265fec07637802b0d01e2a127c19c66cb070fb24f5", size = 159231, upload-time = "2026-07-08T12:25:55.432Z" },
    { url = "https://files.pythonhosted.org/packages/7a/9e/2aa83758f22c278b837a1d8025898434ce2b8bff36678d5330ecaef56dff/librt-0.13.0-cp314-cp314t-macosx_11_0_arm64.whl", hash = "sha256:d4c8d9bd5abce34b2e75edb3bf37ab0f34e49b1f915a40ae8468eb7c85bc5b46", size = 161300, upload-time = "2026-07-08T12:25:56.585Z" },
    { url = "https://files.pythonhosted.org/packages/bb/c0/86791e936553ca763d6b3c2fb4d31d596cd00e14fa631c283a40ba01559a/librt-0.13.0-cp314-cp314t-manylinux2014_aarch64.manylinux_2_17_aarch64.manylinux_2_28_aarch64.whl", hash = "sha256:387e2f1d27e89bffe0d3f520f0da0662c973fd607ca16c1808f8a5085419485e", size = 582056, upload-time = "2026-07-08T12:25:58.144Z" },
    { url = "https://files.pythonhosted.org/packages/a8/d3/a9ec15984a185e000c4d2a16ba28bd623124ad4c38a10974c7ff78e3a893/librt-0.13.0-cp314-cp314t-manylinux2014_i686.manylinux_2_17_i686.manylinux_2_28_i686.whl", hash = "sha256:4f6db193d2e5e0ed60359b9a5a682cd67205d0d3b1e459a867dd4b5c4e7eaa7a", size = 562758, upload-time = "2026-07-08T12:25:59.544Z" },
    { url = "https://files.pythonhosted.org/packages/3c/af/dbe36b78b19c06a55097f99305e4ea9458e2273e6ae16a3cbecaad7ee978/librt-0.13.0-cp314-cp314t-manylinux2014_x86_64.manylinux_2_17_x86_64.manylinux_2_28_x86_64.whl", hash = "sha256:0d38604854e8d22faadf683ec6c02bb0f886e2ba56ef981a1c36ee275f21ea22", size = 602095, upload-time = "2026-07-08T12:26:00.991Z" },
    { url = "https://files.pythonhosted.org/packages/2a/a8/2966891b4dd2830f5203fbee92ac2c4947653a2390ba73dfa44244fad025/librt-0.13.0-cp314-cp314t-manylinux_2_34_riscv64.manylinux_2_39_riscv64.whl", hash = "sha256:371f7ce73026815dafd51c50ce38416e91428b28c4b2ec97cd39271164b0045c", size = 593452, upload-time = "2026-07-08T12:26:02.352Z" },
    { url = "https://files.pythonhosted.org/packages/61/f5/4df8bfc8405ecf8c0d525b4d69636f694bdd8620b313ec8b76e54a5926cc/librt-0.13.0-cp314-cp314t-musllinux_1_2_aarch64.whl", hash = "sha256:3aaedf52171bee90860704c560bc798fe83b76247df47568e0197e9b13c735a0", size = 623729, upload-time = "2026-07-08T12:26:04.294Z" },
    { url = "https://files.pythonhosted.org/packages/d6/13/9ac202dffc8db06f75d06c08c2f9f6ff054be67d21272dcc078fa1cc0c57/librt-0.13.0-cp314-cp314t-musllinux_1_2_i686.whl", hash = "sha256:96bad8725a4f196a798366c25ce075d1f7543a4ec045ffc13e6a7ec095cdab04", size = 617077, upload-time = "2026-07-08T12:26:05.845Z" },
    { url = "https://files.pythonhosted.org/packages/6e/f0/ebe38610716aee5cb28efd95089bb90192096179802779381e1c5dcf239c/librt-0.13.0-cp314-cp314t-musllinux_1_2_riscv64.whl", hash = "sha256:6bf6a559ffe4a93bbea6cf31ddf01a7fd9ba342ef51f27beb178e318b74acd61", size = 599561, upload-time = "2026-07-08T12:26:07.21Z" },
    { url = "https://files.pythonhosted.org/packages/4f/5c/c2e72e236fff7abc716d5b1753b8b8cd3ea85ac46fe17d2e7c51d4e1c723/librt-0.13.0-cp314-cp314t-musllinux_1_2_x86_64.whl", hash = "sha256:301067672387902c55f94b51d5022304b36c966ea9fe1f21caab99a9bef487c9", size = 645511, upload-time = "2026-07-08T12:26:08.562Z" },
    { url = "https://files.pythonhosted.org/packages/0c/99/6203ce619dee940d6bfbe099ec3fe4be00a68e9d60f70abf906cf124fe66/librt-0.13.0-cp314-cp314t-win32.whl", hash = "sha256:5fdcf34f86de8fb66d7dc7589f96ba91c4aa46671200d400e6fd6f109a483f18", size = 104357, upload-time = "2026-07-08T12:26:09.828Z" },
    { url = "https://files.pythonhosted.org/packages/52/dd/843b6314087c41657c7036d7914d8f294bdf9b580aa8513ea0588c8e9a3d/librt-0.13.0-cp314-cp314t-win_amd64.whl", hash = "sha256:260c33e92263fa629b4f6d3c51967a1c2158fe6c33237aaa3ebeac586b085259", size = 126998, upload-time = "2026-07-08T12:26:10.975Z" },
    { url = "https://files.pythonhosted.org/packages/5f/5d/3dcec2884ba1b0806d1408612555c38dd5d68e90156b59f75f6e36435c3a/librt-0.13.0-cp314-cp314t-win_arm64.whl", hash = "sha256:2f281549a4c52ac7bb97997f14353f8bd0e53a34ca0dad1c905cfd0b4a58ae99", size = 110771, upload-time = "2026-07-08T12:26:12.303Z" },
]

[[package]]
name = "mypy"
version = "1.20.2"
source = { registry = "https://pypi.org/simple" }
dependencies = [
    { name = "librt", marker = "platform_python_implementation != 'PyPy'" },
    { name = "mypy-extensions" },
    { name = "pathspec" },
    { name = "typing-extensions" },
]
sdist = { url = "https://files.pythonhosted.org/packages/04/af/e3d4b3e9ec91a0ff9aabfdb38692952acf49bbb899c2e4c29acb3a6da3ae/mypy-1.20.2.tar.gz", hash = "sha256:e8222c26daaafd9e8626dec58ae36029f82585890589576f769a650dd20fd665", size = 3817349, upload-time = "2026-04-21T17:12:28.473Z" }
wheels = [
    { url = "https://files.pythonhosted.org/packages/ae/d1/b4ec96b0ecc620a4443570c6e95c867903428cfcde4206518eafdd5880c3/mypy-1.20.2-cp314-cp314-macosx_10_15_x86_64.whl", hash = "sha256:419413398fe250aae057fd2fe50166b61077083c9b82754c341cf4fd73038f30", size = 14524561, upload-time = "2026-04-21T17:06:27.325Z" },
    { url = "https://files.pythonhosted.org/packages/3a/63/d2c2ff4fa66bc49477d32dfa26e8a167ba803ea6a69c5efb416036909d30/mypy-1.20.2-cp314-cp314-macosx_11_0_arm64.whl", hash = "sha256:e73c07f23009962885c197ccb9b41356a30cc0e5a1d0c2ea8fd8fb1362d7f924", size = 13363883, upload-time = "2026-04-21T17:11:11.239Z" },
    { url = "https://files.pythonhosted.org/packages/2a/56/983916806bf4eddeaaa2c9230903c3669c6718552a921154e1c5182c701f/mypy-1.20.2-cp314-cp314-manylinux2014_aarch64.manylinux_2_17_aarch64.manylinux_2_28_aarch64.whl", hash = "sha256:0c64e5973df366b747646fc98da921f9d6eba9716d57d1db94a83c026a08e0fb", size = 13742945, upload-time = "2026-04-21T17:08:34.181Z" },
    { url = "https://files.pythonhosted.org/packages/19/65/0cd9285ab010ee8214c83d67c6b49417c40d86ce46f1aa109457b5a9b8d7/mypy-1.20.2-cp314-cp314-manylinux2014_x86_64.manylinux_2_17_x86_64.manylinux_2_28_x86_64.whl", hash = "sha256:5a65aa591af023864fd08a97da9974e919452cfe19cb146c8a5dc692626445dc", size = 14706163, upload-time = "2026-04-21T17:05:15.51Z" },
    { url = "https://files.pythonhosted.org/packages/94/97/48ff3b297cafcc94d185243a9190836fb1b01c1b0918fff64e941e973cc9/mypy-1.20.2-cp314-cp314-musllinux_1_2_x86_64.whl", hash = "sha256:4fef51b01e638974a6e69885687e9bd40c8d1e09a6cd291cca0619625cf1f558", size = 14938677, upload-time = "2026-04-21T17:05:39.562Z" },
    { url = "https://files.pythonhosted.org/packages/fd/a1/1b4233d255bdd0b38a1f284feeb1c143ca508c19184964e22f8d837ec851/mypy-1.20.2-cp314-cp314-win_amd64.whl", hash = "sha256:913485a03f1bcf5d279409a9d2b9ed565c151f61c09f29991e5faa14033da4c8", size = 11089322, upload-time = "2026-04-21T17:06:44.29Z" },
    { url = "https://files.pythonhosted.org/packages/78/c2/ce7ee2ba36aeb954ba50f18fa25d9c1188578654b97d02a66a15b6f09531/mypy-1.20.2-cp314-cp314-win_arm64.whl", hash = "sha256:c3bae4f855d965b5453784300c12ffc63a548304ac7f99e55d4dc7c898673aa3", size = 10017775, upload-time = "2026-04-21T17:07:20.732Z" },
    { url = "https://files.pythonhosted.org/packages/4e/a1/9d93a7d0b5859af0ead82b4888b46df6c8797e1bc5e1e262a08518c6d48e/mypy-1.20.2-cp314-cp314t-macosx_10_15_x86_64.whl", hash = "sha256:2de3dcea53babc1c3237a19002bc3d228ce1833278f093b8d619e06e7cc79609", size = 15549002, upload-time = "2026-04-21T17:08:23.107Z" },
    { url = "https://files.pythonhosted.org/packages/00/d2/09a6a10ee1bf0008f6c144d9676f2ca6a12512151b4e0ad0ff6c4fac5337/mypy-1.20.2-cp314-cp314t-macosx_11_0_arm64.whl", hash = "sha256:52b176444e2e5054dfcbcb8c75b0b719865c96247b37407184bbfca5c353f2c2", size = 14401942, upload-time = "2026-04-21T17:07:31.837Z" },
    { url = "https://files.pythonhosted.org/packages/57/da/9594b75c3c019e805250bed3583bdf4443ff9e6ef08f97e39ae308cb06f2/mypy-1.20.2-cp314-cp314t-manylinux2014_aarch64.manylinux_2_17_aarch64.manylinux_2_28_aarch64.whl", hash = "sha256:688c3312e5dadb573a2c69c82af3a298d43ecf9e6d264e0f95df960b5f6ac19c", size = 15041649, upload-time = "2026-04-21T17:09:34.653Z" },
    { url = "https://files.pythonhosted.org/packages/97/77/f75a65c278e6e8eba2071f7f5a90481891053ecc39878cc444634d892abe/mypy-1.20.2-cp314-cp314t-manylinux2014_x86_64.manylinux_2_17_x86_64.manylinux_2_28_x86_64.whl", hash = "sha256:29752dbbf8cc53f89f6ac096d363314333045c257c9c75cbd189ca2de0455744", size = 15864588, upload-time = "2026-04-21T17:11:44.936Z" },
    { url = "https://files.pythonhosted.org/packages/d7/46/1a4e1c66e96c1a3246ddf5403d122ac9b0a8d2b7e65730b9d6533ba7a6d3/mypy-1.20.2-cp314-cp314t-musllinux_1_2_x86_64.whl", hash = "sha256:803203d2b6ea644982c644895c2f78b28d0e208bba7b27d9b921e0ec5eb207c6", size = 16093956, upload-time = "2026-04-21T17:10:17.683Z" },
    { url = "https://files.pythonhosted.org/packages/5a/2c/78a8851264dec38cd736ca5b8bc9380674df0dd0be7792f538916157716c/mypy-1.20.2-cp314-cp314t-win_amd64.whl", hash = "sha256:9bcb8aa397ff0093c824182fd76a935a9ba7ad097fcbef80ae89bf6c1731d8ec", size = 12568661, upload-time = "2026-04-21T17:11:54.473Z" },
    { url = "https://files.pythonhosted.org/packages/83/01/cd7318aa03493322ce275a0e14f4f52b8896335e4e79d4fb8153a7ad2b77/mypy-1.20.2-cp314-cp314t-win_arm64.whl", hash = "sha256:e061b58443f1736f8a37c48978d7ab581636d6ab03e3d4f99e3fa90463bb9382", size = 10389240, upload-time = "2026-04-21T17:09:42.719Z" },
    { url = "https://files.pythonhosted.org/packages/28/9a/f23c163e25b11074188251b0b5a0342625fc1cdb6af604757174fa9acc9b/mypy-1.20.2-py3-none-any.whl", hash = "sha256:a94c5a76ab46c5e6257c7972b6c8cff0574201ca7dc05647e33e795d78680563", size = 2637314, upload-time = "2026-04-21T17:05:54.5Z" },
]

[[package]]
name = "mypy-extensions"
version = "1.1.0"
source = { registry = "https://pypi.org/simple" }
sdist = { url = "https://files.pythonhosted.org/packages/a2/6e/371856a3fb9d31ca8dac321cda606860fa4548858c0cc45d9d1d4ca2628b/mypy_extensions-1.1.0.tar.gz", hash = "sha256:52e68efc3284861e772bbcd66823fde5ae21fd2fdb51c62a211403730b916558", size = 6343, upload-time = "2025-04-22T14:54:24.164Z" }
wheels = [
    { url = "https://files.pythonhosted.org/packages/79/7b/2c79738432f5c924bef5071f933bcc9efd0473bac3b4aa584a6f7c1c8df8/mypy_extensions-1.1.0-py3-none-any.whl", hash = "sha256:1be4cccdb0f2482337c4743e60421de3a356cd97508abadd57d47403e94f5505", size = 4963, upload-time = "2025-04-22T14:54:22.983Z" },
]

[[package]]
name = "mypy-protobuf"
version = "3.7.0"
source = { registry = "https://pypi.org/simple" }
dependencies = [
    { name = "protobuf" },
    { name = "types-protobuf" },
]
sdist = { url = "https://files.pythonhosted.org/packages/99/bd/92ee9e7d2ff30cb57b36bd6f61ee4da8a05acf32f6a6121883b58720e9d4/mypy_protobuf-3.7.0.tar.gz", hash = "sha256:912fb281f7c7b3e3a7c9b8695712618a716fddbab70f6ad63eaf68eda80c5efe", size = 25690, upload-time = "2025-11-17T22:11:12.809Z" }
wheels = [
    { url = "https://files.pythonhosted.org/packages/69/32/709df4390d155bd72e75f2a9bce6004c2958a21f31817f3a2c7750299f70/mypy_protobuf-3.7.0-py3-none-any.whl", hash = "sha256:85256e9d4da935722ce8fbaa8d19397e1a2989aa8075c96577987de9fe7cea4d", size = 17488, upload-time = "2025-11-17T22:11:11.62Z" },
]

[[package]]
name = "nodeenv"
version = "1.10.0"
source = { registry = "https://pypi.org/simple" }
sdist = { url = "https://files.pythonhosted.org/packages/24/bf/d1bda4f6168e0b2e9e5958945e01910052158313224ada5ce1fb2e1113b8/nodeenv-1.10.0.tar.gz", hash = "sha256:996c191ad80897d076bdfba80a41994c2b47c68e224c542b48feba42ba00f8bb", size = 55611, upload-time = "2025-12-20T14:08:54.006Z" }
wheels = [
    { url = "https://files.pythonhosted.org/packages/88/b2/d0896bdcdc8d28a7fc5717c305f1a861c26e18c05047949fb371034d98bd/nodeenv-1.10.0-py2.py3-none-any.whl", hash = "sha256:5bb13e3eed2923615535339b3c620e76779af4cb4c6a90deccc9e36b274d3827", size = 23438, upload-time = "2025-12-20T14:08:52.782Z" },
]

[[package]]
name = "packaging"
version = "26.2"
source = { registry = "https://pypi.org/simple" }
sdist = { url = "https://files.pythonhosted.org/packages/d7/f1/e7a6dd94a8d4a5626c03e4e99c87f241ba9e350cd9e6d75123f992427270/packaging-26.2.tar.gz", hash = "sha256:ff452ff5a3e828ce110190feff1178bb1f2ea2281fa2075aadb987c2fb221661", size = 228134, upload-time = "2026-04-24T20:15:23.917Z" }
wheels = [
    { url = "https://files.pythonhosted.org/packages/df/b2/87e62e8c3e2f4b32e5fe99e0b86d576da1312593b39f47d8ceef365e95ed/packaging-26.2-py3-none-any.whl", hash = "sha256:5fc45236b9446107ff2415ce77c807cee2862cb6fac22b8a73826d0693b0980e", size = 100195, upload-time = "2026-04-24T20:15:22.081Z" },
]

[[package]]
name = "pathspec"
version = "1.1.1"
source = { registry = "https://pypi.org/simple" }
sdist = { url = "https://files.pythonhosted.org/packages/5a/82/42f767fc1c1143d6fd36efb827202a2d997a375e160a71eb2888a925aac1/pathspec-1.1.1.tar.gz", hash = "sha256:17db5ecd524104a120e173814c90367a96a98d07c45b2e10c2f3919fff91bf5a", size = 135180, upload-time = "2026-04-27T01:46:08.907Z" }
wheels = [
    { url = "https://files.pythonhosted.org/packages/f1/d9/7fb5aa316bc299258e68c73ba3bddbc499654a07f151cba08f6153988714/pathspec-1.1.1-py3-none-any.whl", hash = "sha256:a00ce642f577bf7f473932318056212bc4f8bfdf53128c78bbd5af0b9b20b189", size = 57328, upload-time = "2026-04-27T01:46:07.06Z" },
]

[[package]]
name = "pluggy"
version = "1.6.0"
source = { registry = "https://pypi.org/simple" }
sdist = { url = "https://files.pythonhosted.org/packages/f9/e2/3e91f31a7d2b083fe6ef3fa267035b518369d9511ffab804f839851d2779/pluggy-1.6.0.tar.gz", hash = "sha256:7dcc130b76258d33b90f61b658791dede3486c3e6bfb003ee5c9bfb396dd22f3", size = 69412, upload-time = "2025-05-15T12:30:07.975Z" }
wheels = [
    { url = "https://files.pythonhosted.org/packages/54/20/4d324d65cc6d9205fabedc306948156824eb9f0ee1633355a8f7ec5c66bf/pluggy-1.6.0-py3-none-any.whl", hash = "sha256:e920276dd6813095e9377c0bc5566d94c932c33b27a3e3945d8389c374dd4746", size = 20538, upload-time = "2025-05-15T12:30:06.134Z" },
]

[[package]]
name = "proto-importer-e2e"
version = "0.1.0"
source = { editable = "." }
dependencies = [
    { name = "grpcio" },
    { name = "grpcio-tools" },
]

[package.dev-dependencies]
dev = [
    { name = "grpc-stubs" },
    { name = "grpcio-tools" },
    { name = "mypy" },
    { name = "mypy-protobuf" },
    { name = "pyright" },
    { name = "pytest" },
    { name = "types-protobuf" },
]

[package.metadata]
requires-dist = [
    { name = "grpcio", specifier = "==1.83.0" },
    { name = "grpcio-tools", specifier = "==1.83.0" },
]

[package.metadata.requires-dev]
dev = [
    { name = "grpc-stubs", specifier = ">=1.24" },
    { name = "grpcio-tools", specifier = ">=1.74" },
    { name = "mypy", specifier = "==1.20.2" },
    { name = "mypy-protobuf", specifier = "==3.7.0" },
    { name = "pyright", specifier = "==1.1.411" },
    { name = "pytest", specifier = "==8.4.2" },
    { name = "types-protobuf", specifier = ">=5.28" },
]

[[package]]
name = "protobuf"
version = "7.35.1"
source = { registry = "https://pypi.org/simple" }
sdist = { url = "https://files.pythonhosted.org/packages/da/01/9ef0afd7999eb9badb3a768b4aedd78c86d4c65cfaf1958ab276199e76b4/protobuf-7.35.1.tar.gz", hash = "sha256:ce115a26fe0c39a2c29973d914d327e516a6455464489fe3cd1e51a1b354f81a", size = 458717, upload-time = "2026-06-11T21:55:40.257Z" }
wheels = [
    { url = "https://files.pythonhosted.org/packages/10/03/8aeeb7458d22546bf64b5250ca1daeb5ff757d900e8e4a7476c6f0db843e/protobuf-7.35.1-cp310-abi3-macosx_10_9_universal2.whl", hash = "sha256:24f857477359a85c0c235261b8ba905fd51b2562f4a64ca1df5473f29850cbf6", size = 433226, upload-time = "2026-06-11T21:55:31.719Z" },
    { url = "https://files.pythonhosted.org/packages/37/4b/dfb89eb0e652a1ff073c39a59fb5e3a83cfe9b57a2c83fa6d78270101767/protobuf-7.35.1-cp310-abi3-manylinux2014_aarch64.whl", hash = "sha256:11d6b0ec246892d85215b0a13ca6e0233cf5284b68f0ac02646427f4ff88a799", size = 328847, upload-time = "2026-06-11T21:55:34.035Z" },
    { url = "https://files.pythonhosted.org/packages/0f/58/dc12f2cd484951524af6e3382c785869b9b3fb5e52ee95ae23add53ee8f9/protobuf-7.35.1-cp310-abi3-manylinux2014_s390x.whl", hash = "sha256:b73f9489a4b8b1c9cb1f8ed951c736392592edb24b9d6819f36d2e10b171d5b4", size = 344030, upload-time = "2026-06-11T21:55:34.941Z" },
    { url = "https://files.pythonhosted.org/packages/e4/be/5b3cfe508bfab6761414ff944e3366eb13be4fd71efcd69450f89ba39f43/protobuf-7.35.1-cp310-abi3-manylinux2014_x86_64.whl", hash = "sha256:74758715c53d7158fb76caf4f0cfdacc5329a4b1bb994f865d6cf302d413a1c4", size = 327130, upload-time = "2026-06-11T21:55:35.921Z" },
    { url = "https://files.pythonhosted.org/packages/d8/bc/6d6c7ba8709c85f8f2c390b2b118d6fb08a783676a572271851bf45a7d22/protobuf-7.35.1-cp310-abi3-win32.whl", hash = "sha256:353652e4efd0bca5b5fc2656abf8307ef351f0cf938c9eba09f0e09c20a25c30", size = 428945, upload-time = "2026-06-11T21:55:37.034Z" },
    { url = "https://files.pythonhosted.org/packages/0a/19/8d0cb6f20a1ef7b18f1c8986ad5783f22f84cce39c6ce9a6e645ea55192e/protobuf-7.35.1-cp310-abi3-win_amd64.whl", hash = "sha256:230a75ddfc2de4806e56696ce9640c1cdfdb6543b7cfce98d42a4c0a0e7bdb87", size = 439996, upload-time = "2026-06-11T21:55:38.123Z" },
    { url = "https://files.pythonhosted.org/packages/19/c7/5f7c636ec43e0c545e28d1f1db71990108306f7bdcb89f069ba97e428e7f/protobuf-7.35.1-py3-none-any.whl", hash = "sha256:4bc97768d8fe4ad6743c8a19403e314511ed9f6d13205b687e52421c023ac1b9", size = 171659, upload-time = "2026-06-11T21:55:39.155Z" },
]

[[package]]
name = "pygments"
version = "2.20.0"
source = { registry = "https://pypi.org/simple" }
sdist = { url = "https://files.pythonhosted.org/packages/c3/b2/bc9c9196916376152d655522fdcebac55e66de6603a76a02bca1b6414f6c/pygments-2.20.0.tar.gz", hash = "sha256:6757cd03768053ff99f3039c1a36d6c0aa0b263438fcab17520b30a303a82b5f", size = 4955991, upload-time = "2026-03-29T13:29:33.898Z" }
wheels = [
    { url = "https://files.pythonhosted.org/packages/f4/7e/a72dd26f3b0f4f2bf1dd8923c85f7ceb43172af56d63c7383eb62b332364/pygments-2.20.0-py3-none-any.whl", hash = "sha256:81a9e26dd42fd28a23a2d169d86d7ac03b46e2f8b59ed4698fb4785f946d0176", size = 1231151, upload-time = "2026-03-29T13:29:30.038Z" },
]

[[package]]
name = "pyright"
version = "1.1.411"
source = { registry = "https://pypi.org/simple" }
dependencies = [
    { name = "nodeenv" },
    { name = "typing-extensions" },
]
sdist = { url = "https://files.pythonhosted.org/packages/7e/ab/265f7dc69d28113ebba19092e57b075f41543b2ed048429c5f56e2b88eac/pyright-1.1.411.tar.gz", hash = "sha256:d885a0551f2e763b089a02702174e7f4ba77548cddabc972ab86d1f7f1b0f998", size = 4112861, upload-time = "2026-06-25T02:14:06.37Z" }
wheels = [
    { url = "https://files.pythonhosted.org/packages/0a/49/385be530a6a5b78d1cbcd5c2e38debc8959a2fc6bdb716f4e581002979fc/pyright-1.1.411-py3-none-any.whl", hash = "sha256:dc7c72a8e2700c55baa127554040e067041ea53ccfd50bf96308cc4291c7d5d9", size = 6181526, upload-time = "2026-06-25T02:14:04.691Z" },
]

[[package]]
name = "pytest"
version = "8.4.2"
source = { registry = "https://pypi.org/simple" }
dependencies = [
    { name = "colorama", marker = "sys_platform == 'win32'" },
    { name = "iniconfig" },
    { name = "packaging" },
    { name = "pluggy" },
    { name = "pygments" },
]
sdist = { url = "https://files.pythonhosted.org/packages/a3/5c/00a0e072241553e1a7496d638deababa67c5058571567b92a7eaa258397c/pytest-8.4.2.tar.gz", hash = "sha256:86c0d0b93306b961d58d62a4db4879f27fe25513d4b969df351abdddb3c30e01", size = 1519618, upload-time = "2025-09-04T14:34:22.711Z" }
wheels = [
    { url = "https://files.pythonhosted.org/packages/a8/a4/20da314d277121d6534b3a980b29035dcd51e6744bd79075a6ce8fa4eb8d/pytest-8.4.2-py3-none-any.whl", hash = "sha256:872f880de3fc3a5bdc88a11b39c9710c3497a547cfa9320bc3c5e62fbf272e79", size = 365750, upload-time = "2025-09-04T14:34:20.226Z" },
]

[[package]]
name = "setuptools"
version = "83.0.0"
source = { registry = "https://pypi.org/simple" }
sdist = { url = "https://files.pythonhosted.org/packages/34/26/f5d29e25ffdb535afef2d35cdb55b325298f96debd670da4c325e08d70f4/setuptools-83.0.0.tar.gz", hash = "sha256:025bccbbf0fa05b6192bc64ae1e7b16e001fd6d6d4d5de03c97b1c1ade523bef", size = 1154254, upload-time = "2026-07-04T15:31:22.699Z" }
wheels = [
    { url = "https://files.pythonhosted.org/packages/5d/40/e1e72872c6354b306daef1703549e8e83b4d43cfea356311bf722a043752/setuptools-83.0.0-py3-none-any.whl", hash = "sha256:29b23c360f22f414dc7336bb39178cc7bcbf6021ed2733cde173f09dba19abb3", size = 1008090, upload-time = "2026-07-04T15:31:20.885Z" },
]

[[package]]
name = "types-protobuf"
version = "7.34.1.20260518"
source = { registry = "https://pypi.org/simple" }
sdist = { url = "https://files.pythonhosted.org/packages/29/59/e2b13b499d15e6720150c4b1a8d91e31fcacf716b432397475b3151ff7e4/types_protobuf-7.34.1.20260518.tar.gz", hash = "sha256:28cfaded25889cb83ebfb63cfb0a43628f0b6f3785767bec17287dc6468795f2", size = 68936, upload-time = "2026-05-18T06:01:47.332Z" }
wheels = [
    { url = "https://files.pythonhosted.org/packages/2a/1f/ec5caf72c2e3b688ca3927e0979a04ddad19e1afc4bf1c199bd743e0f419/types_protobuf-7.34.1.20260518-py3-none-any.whl", hash = "sha256:a0a5337413347166439c0e07cbc26c6164d091401c6f01b1dfd8cdb966c4dd8f", size = 85992, upload-time = "2026-05-18T06:01:45.696Z" },
]

[[package]]
name = "typing-extensions"
version = "4.16.0"
source = { registry = "https://pypi.org/simple" }
sdist = { url = "https://files.pythonhosted.org/packages/f6/cc/6253133b5bb138fc3306cebfbda2c520f545d36b5be2c7255cc528bb45d6/typing_extensions-4.16.0.tar.gz", hash = "sha256:dc983d19a509c94dba722ee6abd33940f7c05a89e243c47e907eb4db6f1a43e5", size = 113555, upload-time = "2026-07-02T08:40:05.92Z" }
wheels = [
    { url = "https://files.pythonhosted.org/packages/49/d3/b8441a820a491ddfc024b0b0cf0393375b75ea13866d9c66727e54c2fc80/typing_extensions-4.16.0-py3-none-any.whl", hash = "sha256:481caa481374e813c1b176ada14e97f1f67a4539ce9cfeb3f350d78d6370c2e8", size = 45571, upload-time = "2026-07-02T08:40:04.659Z" },
]
