version = 1
revision = 3
requires-python = "==3.14.*"

[[package]]
name = "colorama"
version = "0.4.6"
source = { registry = "https://pypi.org/simple" }
sdist = { url = "https://files.pythonhosted.org/packages/d8/53/6f443c9a4a8358a93a6792e2acffb9d9d5cb0a5cfd8802644b7b1c9a02e4/colorama-0.4.6.tar.gz", hash = "sha256:08695f5cb7ed6e0531a20572697297273c47b8cae5a63ffc6d6ed5c201be6e44", size = 27697, upload-time = "2022-10-25T02:36:22.414Z" }
wheels = [
    { url = "https://files.pythonhosted.org/packages/d1/d6/3965ed04c63042e047cb6a3e6ed1a63a35087b6a609aa3a15ed8ac56c221/colorama-0.4.6-py2.py3-none-any.whl", hash = "sha256:4f1d9991f5acc0ca119f9d443620b77f9d6b33703e51011c16baf57afb285fc6", size = 25335, upload-time = "2022-10-25T02:36:20.889Z" },
]

[[package]]
name = "grpc-stubs"
version = "1.53.0.6"
source = { registry = "https://pypi.org/simple" }
dependencies = [
    { name = "grpcio" },
]
sdist = { url = "https://files.pythonhosted.org/packages/16/8d/718393d12346c6ab842a1ad2b1a761c175e919ddce4a28c5dc63e4a5538c/grpc_stubs-1.53.0.6.tar.gz", hash = "sha256:70a0840747bd73c2c82fe819699bbf4fcf6d59bd0ed27a4713a240e0c697e1ff", size = 12954, upload-time = "2025-04-28T11:12:55.407Z" }
wheels = [
    { url = "https://files.pythonhosted.org/packages/38/c6/c64257331aa4b7a049bd70124d97278071e78b5d5de09df6a5eae4610bbe/grpc_stubs-1.53.0.6-py3-none-any.whl", hash = "sha256:3ffc5a6b5bd84ac46f3d84e2434e97936c1262b47b71b462bdedc43caaf227e1", size = 15842, upload-time = "2025-04-28T11:12:53.982Z" },
]

[[package]]
name = "grpcio"
version = "1.78.1"
source = { registry = "https://pypi.org/simple" }
dependencies = [
    { name = "typing-extensions" },
]
sdist = { url = "https://files.pythonhosted.org/packages/1f/de/de568532d9907552700f80dcec38219d8d298ad9e71f5e0a095abaf2761e/grpcio-1.78.1.tar.gz", hash = "sha256:27c625532d33ace45d57e775edf1982e183ff8641c72e4e91ef7ba667a149d72", size = 12835760, upload-time = "2026-02-20T01:16:10.869Z" }
wheels = [
    { url = "https://files.pythonhosted.org/packages/96/3a/2d2ec4d2ce2eb9d6a2b862630a0d9d4ff4239ecf1474ecff21442a78612a/grpcio-1.78.1-cp314-cp314-linux_armv7l.whl", hash = "sha256:d101fe49b1e0fb4a7aa36ed0c3821a0f67a5956ef572745452d2cd790d723a3f", size = 5920256, upload-time = "2026-02-20T01:15:00.23Z" },
    { url = "https://files.pythonhosted.org/packages/9c/92/dccb7d087a1220ed358753945230c1ddeeed13684b954cb09db6758f1271/grpcio-1.78.1-cp314-cp314-macosx_11_0_universal2.whl", hash = "sha256:5ce1855e8cfc217cdf6bcfe0cf046d7cf81ddcc3e6894d6cfd075f87a2d8f460", size = 11813749, upload-time = "2026-02-20T01:15:03.312Z" },
    { url = "https://files.pythonhosted.org/packages/ef/47/c20e87f87986da9998f30f14776ce27e61f02482a3a030ffe265089342c6/grpcio-1.78.1-cp314-cp314-manylinux2014_aarch64.manylinux_2_17_aarch64.whl", hash = "sha256:cd26048d066b51f39fe9206e2bcc2cea869a5e5b2d13c8d523f4179193047ebd", size = 6488739, upload-time = "2026-02-20T01:15:14.349Z" },
    { url = "https://files.pythonhosted.org/packages/a6/c2/088bd96e255133d7d87c3eed0d598350d16cde1041bdbe2bb065967aaf91/grpcio-1.78.1-cp314-cp314-manylinux2014_i686.manylinux_2_17_i686.whl", hash = "sha256:4b8d7fda614cf2af0f73bbb042f3b7fee2ecd4aea69ec98dbd903590a1083529", size = 7173096, upload-time = "2026-02-20T01:15:17.687Z" },
    { url = "https://files.pythonhosted.org/packages/60/ce/168db121073a03355ce3552b3b1f790b5ded62deffd7d98c5f642b9d3d81/grpcio-1.78.1-cp314-cp314-manylinux2014_x86_64.manylinux_2_17_x86_64.whl", hash = "sha256:656a5bd142caeb8b1efe1fe0b4434ecc7781f44c97cfc7927f6608627cf178c0", size = 6693861, upload-time = "2026-02-20T01:15:20.911Z" },
    { url = "https://files.pythonhosted.org/packages/ae/d0/90b30ec2d9425215dd56922d85a90babbe6ee7e8256ba77d866b9c0d3aba/grpcio-1.78.1-cp314-cp314-musllinux_1_2_aarch64.whl", hash = "sha256:99550e344482e3c21950c034f74668fccf8a546d50c1ecb4f717543bbdc071ba", size = 7278083, upload-time = "2026-02-20T01:15:23.698Z" },
    { url = "https://files.pythonhosted.org/packages/c1/fb/73f9ba0b082bcd385d46205095fd9c917754685885b28fce3741e9f54529/grpcio-1.78.1-cp314-cp314-musllinux_1_2_i686.whl", hash = "sha256:8f27683ca68359bd3f0eb4925824d71e538f84338b3ae337ead2ae43977d7541", size = 8252546, upload-time = "2026-02-20T01:15:26.517Z" },
    { url = "https://files.pythonhosted.org/packages/85/c5/6a89ea3cb5db6c3d9ed029b0396c49f64328c0cf5d2630ffeed25711920a/grpcio-1.78.1-cp314-cp314-musllinux_1_2_x86_64.whl", hash = "sha256:a40515b69ac50792f9b8ead260f194ba2bb3285375b6c40c7ff938f14c3df17d", size = 7696289, upload-time = "2026-02-20T01:15:29.718Z" },
    { url = "https://files.pythonhosted.org/packages/3d/05/63a7495048499ef437b4933d32e59b7f737bd5368ad6fb2479e2bd83bf2c/grpcio-1.78.1-cp314-cp314-win32.whl", hash = "sha256:2c473b54ef1618f4fb85e82ff4994de18143b74efc088b91b5a935a3a45042ba", size = 4142186, upload-time = "2026-02-20T01:15:32.786Z" },
    { url = "https://files.pythonhosted.org/packages/1c/ce/adfe7e5f701d503be7778291757452e3fab6b19acf51917c79f5d1cf7f8a/grpcio-1.78.1-cp314-cp314-win_amd64.whl", hash = "sha256:e2a6b33d1050dce2c6f563c5caf7f7cbeebf7fba8cde37ffe3803d50526900d1", size = 4932000, upload-time = "2026-02-20T01:15:36.127Z" },
]

[[package]]
name = "grpcio-tools"
version = "1.78.1"
source = { registry = "https://pypi.org/simple" }
dependencies = [
    { name = "grpcio" },
    { name = "protobuf" },
    { name = "setuptools" },
]
sdist = { url = "https://files.pythonhosted.org/packages/c9/e5/311efa9278a451291e317286babf3f69b1479f8e6fd244836e3803e4b81d/grpcio_tools-1.78.1.tar.gz", hash = "sha256:f47b746b06a940954b9aa86b1824aa4874f068a7ec2d4b407980d202c86a691a", size = 5392610, upload-time = "2026-02-20T01:19:44.109Z" }
wheels = [
    { url = "https://files.pythonhosted.org/packages/5e/5b/76d7969539159a22dfa20c23c3885ce9024a12d88e23d76063a1e1df566d/grpcio_tools-1.78.1-cp314-cp314-linux_armv7l.whl", hash = "sha256:11c6a338c227e5aab76954f35959682d59c432a5b6d7db053fa1a99c7124bbde", size = 2546269, upload-time = "2026-02-20T01:18:30.673Z" },
    { url = "https://files.pythonhosted.org/packages/3f/8a/a1d180e7165bbdd30d109a448c95d6077eaa9afe40a2ed159f40bec64ce3/grpcio_tools-1.78.1-cp314-cp314-macosx_11_0_universal2.whl", hash = "sha256:090aeaa053f728539d0f84658bb5d88411a913cbcc49e990b5a80acd3c46dc94", size = 5705752, upload-time = "2026-02-20T01:18:33.396Z" },
    { url = "https://files.pythonhosted.org/packages/43/5c/067b95424eee7cb980a2237c3ecd23935ea742b17acf4411064a727ec9b0/grpcio_tools-1.78.1-cp314-cp314-manylinux2014_aarch64.manylinux_2_17_aarch64.whl", hash = "sha256:203347a50b00e6a1793c35af437a39449b247b9461a9f1f9b9baf954b4255cd8", size = 2593895, upload-time = "2026-02-20T01:18:36.746Z" },
    { url = "https://files.pythonhosted.org/packages/01/1f/6edd882a7c47f74321aeec98ef20b7c54c4fa61c81bb08039b14c1777de2/grpcio_tools-1.78.1-cp314-cp314-manylinux2014_i686.manylinux_2_17_i686.whl", hash = "sha256:7c3cef48b10cccfc039b5ae054d7ad8d7b907ff03a283b606b3999ce3843b5a5", size = 2905296, upload-time = "2026-02-20T01:18:41.875Z" },
    { url = "https://files.pythonhosted.org/packages/a4/15/2ecacd23670fd8bc945fa1a3ae5ad0916c95d9803ceda0b7427d9dfc4ee0/grpcio_tools-1.78.1-cp314-cp314-manylinux2014_x86_64.manylinux_2_17_x86_64.whl", hash = "sha256:abb2aee19b91d619670a3598faaa8036b31dd96708ab82d8fb990da4b5c3fc01", size = 2656183, upload-time = "2026-02-20T01:18:44.556Z" },
    { url = "https://files.pythonhosted.org/packages/60/36/ec4b0172f803f7add82bcc16346b47a80ca983539dc5bf779da1d44f3b4a/grpcio_tools-1.78.1-cp314-cp314-musllinux_1_2_aarch64.whl", hash = "sha256:b6307ce936cd5f7714bba75e8b7c71f4e6a4da625b907960227568022ee812fa", size = 3109860, upload-time = "2026-02-20T01:18:47.218Z" },
    { url = "https://files.pythonhosted.org/packages/79/85/6fb37b10667764505f9bc6baab9bccaaa0777bfe07aa786f9e1d4f482253/grpcio_tools-1.78.1-cp314-cp314-musllinux_1_2_i686.whl", hash = "sha256:40aad3da94bf261792ff998084117f6ce092b7b137dcea257628def834b91e96", size = 3657914, upload-time = "2026-02-20T01:18:59.138Z" },
    { url = "https://files.pythonhosted.org/packages/42/11/da86c93b0d00f5180d283740c89aa998f955c7389ff268128b99c5bebdb9/grpcio_tools-1.78.1-cp314-cp314-musllinux_1_2_x86_64.whl", hash = "sha256:36dbd00415376a3db03cd57a8063dfb5506c3ec69737945488f6c28a3e8b5cf1", size = 3324719, upload-time = "2026-02-20T01:19:01.55Z" },
    { url = "https://files.pythonhosted.org/packages/9d/b6/6a00609300fbfe2163183522005911f4676bc80db374d55c2a9d9e70997e/grpcio_tools-1.78.1-cp314-cp314-win32.whl", hash = "sha256:6d284037ff456842324fa12b0a6455fce0b3ab92f218677b34c33cf4787a54c4", size = 1015537, upload-time = "2026-02-20T01:19:04.289Z" },
    { url = "https://files.pythonhosted.org/packages/05/76/ef3d2f5a86da2b3a2abcef7141bc4d2d8d119b0da389029811a4507b499b/grpcio_tools-1.78.1-cp314-cp314-win_amd64.whl", hash = "sha256:acb9849783dc7cf0e7359cbd60c6bf3154008bf9aeff12c696ec7289599eb3a8", size = 1190123, upload-time = "2026-02-20T01:19:06.831Z" },
]

[[package]]
name = "iniconfig"
version = "2.3.0"
source = { registry = "https://pypi.org/simple" }
sdist = { url = "https://files.pythonhosted.org/packages/72/34/14ca021ce8e5dfedc35312d08ba8bf51fdd999c576889fc2c24cb97f4f10/iniconfig-2.3.0.tar.gz", hash = "sha256:c76315c77db068650d49c5b56314774a7804df16fee4402c1f19d6d15d8c4730", size = 20503, upload-time = "2025-10-18T21:55:43.219Z" }
wheels = [
    { url = "https://files.pythonhosted.org/packages/cb/b1/3846dd7f199d53cb17f49cba7e651e9ce294d8497c8c150530ed11865bb8/iniconfig-2.3.0-py3-none-any.whl", hash = "sha256:f631c04d2c48c52b84d0d0549c99ff3859c98df65b3101406327ecc7d53fbf12", size = 7484, upload-time = "2025-10-18T21:55:41.639Z" },
]

[[package]]
name = "librt"
version = "0.8.0"
source = { registry = "https://pypi.org/simple" }
sdist = { url = "https://files.pythonhosted.org/packages/8a/3f/4ca7dd7819bf8ff303aca39c3c60e5320e46e766ab7f7dd627d3b9c11bdf/librt-0.8.0.tar.gz", hash = "sha256:cb74cdcbc0103fc988e04e5c58b0b31e8e5dd2babb9182b6f9490488eb36324b", size = 177306, upload-time = "2026-02-12T14:53:54.743Z" }
wheels = [
    { url = "https://files.pythonhosted.org/packages/e0/13/79ebfe30cd273d7c0ce37a5f14dc489c5fb8b722a008983db2cfd57270bb/librt-0.8.0-cp314-cp314-macosx_10_13_x86_64.whl", hash = "sha256:421765e8c6b18e64d21c8ead315708a56fc24f44075059702e421d164575fdda", size = 66078, upload-time = "2026-02-12T14:53:06.085Z" },
    { url = "https://files.pythonhosted.org/packages/4b/8f/d11eca40b62a8d5e759239a80636386ef88adecb10d1a050b38cc0da9f9e/librt-0.8.0-cp314-cp314-macosx_11_0_arm64.whl", hash = "sha256:48f84830a8f8ad7918afd743fd7c4eb558728bceab7b0e38fd5a5cf78206a556", size = 68309, upload-time = "2026-02-12T14:53:07.121Z" },
    { url = "https://files.pythonhosted.org/packages/9c/b4/f12ee70a3596db40ff3c88ec9eaa4e323f3b92f77505b4d900746706ec6a/librt-0.8.0-cp314-cp314-manylinux1_i686.manylinux_2_28_i686.manylinux_2_5_i686.whl", hash = "sha256:9f09d4884f882baa39a7e36bbf3eae124c4ca2a223efb91e567381d1c55c6b06", size = 196804, upload-time = "2026-02-12T14:53:08.164Z" },
    { url = "https://files.pythonhosted.org/packages/8b/7e/70dbbdc0271fd626abe1671ad117bcd61a9a88cdc6a10ccfbfc703db1873/librt-0.8.0-cp314-cp314-manylinux2014_aarch64.manylinux_2_17_aarch64.manylinux_2_28_aarch64.whl", hash = "sha256:693697133c3b32aa9b27f040e3691be210e9ac4d905061859a9ed519b1d5a376", size = 206915, upload-time = "2026-02-12T14:53:09.333Z" },
    { url = "https://files.pythonhosted.org/packages/79/13/6b9e05a635d4327608d06b3c1702166e3b3e78315846373446cf90d7b0bf/librt-0.8.0-cp314-cp314-manylinux2014_x86_64.manylinux_2_17_x86_64.manylinux_2_28_x86_64.whl", hash = "sha256:c5512aae4648152abaf4d48b59890503fcbe86e85abc12fb9b096fe948bdd816", size = 221200, upload-time = "2026-02-12T14:53:10.68Z" },
    { url = "https://files.pythonhosted.org/packages/35/6c/e19a3ac53e9414de43a73d7507d2d766cd22d8ca763d29a4e072d628db42/librt-0.8.0-cp314-cp314-manylinux_2_31_riscv64.manylinux_2_39_riscv64.whl", hash = "sha256:995d24caa6bbb34bcdd4a41df98ac6d1af637cfa8975cb0790e47d6623e70e3e", size = 214640, upload-time = "2026-02-12T14:53:12.342Z" },
    { url = "https://files.pythonhosted.org/packages/30/f0/23a78464788619e8c70f090cfd099cce4973eed142c4dccb99fc322283fd/librt-0.8.0-cp314-cp314-musllinux_1_2_aarch64.whl", hash = "sha256:b9aef96d7593584e31ef6ac1eb9775355b0099fee7651fae3a15bc8657b67b52", size = 221980, upload-time = "2026-02-12T14:53:13.603Z" },
    { url = "https://files.pythonhosted.org/packages/03/32/38e21420c5d7aa8a8bd2c7a7d5252ab174a5a8aaec8b5551968979b747bf/librt-0.8.0-cp314-cp314-musllinux_1_2_i686.whl", hash = "sha256:4f6e975377fbc4c9567cb33ea9ab826031b6c7ec0515bfae66a4fb110d40d6da", size = 215146, upload-time = "2026-02-12T14:53:14.8Z" },
    { url = "https://files.pythonhosted.org/packages/bb/00/bd9ecf38b1824c25240b3ad982fb62c80f0a969e6679091ba2b3afb2b510/librt-0.8.0-cp314-cp314-musllinux_1_2_riscv64.whl", hash = "sha256:daae5e955764be8fd70a93e9e5133c75297f8bce1e802e1d3683b98f77e1c5ab", size = 215203, upload-time = "2026-02-12T14:53:16.087Z" },
    { url = "https://files.pythonhosted.org/packages/b9/60/7559bcc5279d37810b98d4a52616febd7b8eef04391714fd6bdf629598b1/librt-0.8.0-cp314-cp314-musllinux_1_2_x86_64.whl", hash = "sha256:7bd68cebf3131bb920d5984f75fe302d758db33264e44b45ad139385662d7bc3", size = 237937, upload-time = "2026-02-12T14:53:17.236Z" },
    { url = "https://files.pythonhosted.org/packages/41/cc/be3e7da88f1abbe2642672af1dc00a0bccece11ca60241b1883f3018d8d5/librt-0.8.0-cp314-cp314-win32.whl", hash = "sha256:1e6811cac1dcb27ca4c74e0ca4a5917a8e06db0d8408d30daee3a41724bfde7a", size = 50685, upload-time = "2026-02-12T14:53:18.888Z" },
    { url = "https://files.pythonhosted.org/packages/38/27/e381d0df182a8f61ef1f6025d8b138b3318cc9d18ad4d5f47c3bf7492523/librt-0.8.0-cp314-cp314-win_amd64.whl", hash = "sha256:178707cda89d910c3b28bf5aa5f69d3d4734e0f6ae102f753ad79edef83a83c7", size = 57872, upload-time = "2026-02-12T14:53:19.942Z" },
    { url = "https://files.pythonhosted.org/packages/c5/0c/ca9dfdf00554a44dea7d555001248269a4bab569e1590a91391feb863fa4/librt-0.8.0-cp314-cp314-win_arm64.whl", hash = "sha256:3e8b77b5f54d0937b26512774916041756c9eb3e66f1031971e626eea49d0bf4", size = 48056, upload-time = "2026-02-12T14:53:21.473Z" },
    { url = "https://files.pythonhosted.org/packages/f2/ed/6cc9c4ad24f90c8e782193c7b4a857408fd49540800613d1356c63567d7b/librt-0.8.0-cp314-cp314t-macosx_10_13_x86_64.whl", hash = "sha256:789911e8fa40a2e82f41120c936b1965f3213c67f5a483fc5a41f5839a05dcbb", size = 68307, upload-time = "2026-02-12T14:53:22.498Z" },
    { url = "https://files.pythonhosted.org/packages/84/d8/0e94292c6b3e00b6eeea39dd44d5703d1ec29b6dafce7eea19dc8f1aedbd/librt-0.8.0-cp314-cp314t-macosx_11_0_arm64.whl", hash = "sha256:2b37437e7e4ef5e15a297b36ba9e577f73e29564131d86dd75875705e97402b5", size = 70999, upload-time = "2026-02-12T14:53:23.603Z" },
    { url = "https://files.pythonhosted.org/packages/0e/f4/6be1afcbdeedbdbbf54a7c9d73ad43e1bf36897cebf3978308cd64922e02/librt-0.8.0-cp314-cp314t-manylinux1_i686.manylinux_2_28_i686.manylinux_2_5_i686.whl", hash = "sha256:671a6152edf3b924d98a5ed5e6982ec9cb30894085482acadce0975f031d4c5c", size = 220782, upload-time = "2026-02-12T14:53:25.133Z" },
    { url = "https://files.pythonhosted.org/packages/f0/8d/f306e8caa93cfaf5c6c9e0d940908d75dc6af4fd856baa5535c922ee02b1/librt-0.8.0-cp314-cp314t-manylinux2014_aarch64.manylinux_2_17_aarch64.manylinux_2_28_aarch64.whl", hash = "sha256:8992ca186a1678107b0af3d0c9303d8c7305981b9914989b9788319ed4d89546", size = 235420, upload-time = "2026-02-12T14:53:27.047Z" },
    { url = "https://files.pythonhosted.org/packages/d6/f2/65d86bd462e9c351326564ca805e8457442149f348496e25ccd94583ffa2/librt-0.8.0-cp314-cp314t-manylinux2014_x86_64.manylinux_2_17_x86_64.manylinux_2_28_x86_64.whl", hash = "sha256:001e5330093d887b8b9165823eca6c5c4db183fe4edea4fdc0680bbac5f46944", size = 246452, upload-time = "2026-02-12T14:53:28.341Z" },
    { url = "https://files.pythonhosted.org/packages/03/94/39c88b503b4cb3fcbdeb3caa29672b6b44ebee8dcc8a54d49839ac280f3f/librt-0.8.0-cp314-cp314t-manylinux_2_31_riscv64.manylinux_2_39_riscv64.whl", hash = "sha256:d920789eca7ef71df7f31fd547ec0d3002e04d77f30ba6881e08a630e7b2c30e", size = 238891, upload-time = "2026-02-12T14:53:29.625Z" },
    { url = "https://files.pythonhosted.org/packages/e3/c6/6c0d68190893d01b71b9569b07a1c811e280c0065a791249921c83dc0290/librt-0.8.0-cp314-cp314t-musllinux_1_2_aarch64.whl", hash = "sha256:82fb4602d1b3e303a58bfe6165992b5a78d823ec646445356c332cd5f5bbaa61", size = 250249, upload-time = "2026-02-12T14:53:30.93Z" },
    { url = "https://files.pythonhosted.org/packages/52/7a/f715ed9e039035d0ea637579c3c0155ab3709a7046bc408c0fb05d337121/librt-0.8.0-cp314-cp314t-musllinux_1_2_i686.whl", hash = "sha256:4d3e38797eb482485b486898f89415a6ab163bc291476bd95712e42cf4383c05", size = 240642, upload-time = "2026-02-12T14:53:32.174Z" },
    { url = "https://files.pythonhosted.org/packages/c2/3c/609000a333debf5992efe087edc6467c1fdbdddca5b610355569bbea9589/librt-0.8.0-cp314-cp314t-musllinux_1_2_riscv64.whl", hash = "sha256:a905091a13e0884701226860836d0386b88c72ce5c2fdfba6618e14c72be9f25", size = 239621, upload-time = "2026-02-12T14:53:33.39Z" },
    { url = "https://files.pythonhosted.org/packages/b9/df/87b0673d5c395a8f34f38569c116c93142d4dc7e04af2510620772d6bd4f/librt-0.8.0-cp314-cp314t-musllinux_1_2_x86_64.whl", hash = "sha256:375eda7acfce1f15f5ed56cfc960669eefa1ec8732e3e9087c3c4c3f2066759c", size = 262986, upload-time = "2026-02-12T14:53:34.617Z" },
    { url = "https://files.pythonhosted.org/packages/09/7f/6bbbe9dcda649684773aaea78b87fff4d7e59550fbc2877faa83612087a3/librt-0.8.0-cp314-cp314t-win32.whl", hash = "sha256:2ccdd20d9a72c562ffb73098ac411de351b53a6fbb3390903b2d33078ef90447", size = 51328, upload-time = "2026-02-12T14:53:36.15Z" },
    { url = "https://files.pythonhosted.org/packages/bb/f3/e1981ab6fa9b41be0396648b5850267888a752d025313a9e929c4856208e/librt-0.8.0-cp314-cp314t-win_amd64.whl", hash = "sha256:25e82d920d4d62ad741592fcf8d0f3bda0e3fc388a184cb7d2f566c681c5f7b9", size = 58719, upload-time = "2026-02-12T14:53:37.183Z" },
    { url = "https://files.pythonhosted.org/packages/94/d1/433b3c06e78f23486fe4fdd19bc134657eb30997d2054b0dbf52bbf3382e/librt-0.8.0-cp314-cp314t-win_arm64.whl", hash = "sha256:92249938ab744a5890580d3cb2b22042f0dce71cdaa7c1369823df62bedf7cbc", size = 48753, upload-time = "2026-02-12T14:53:38.539Z" },
]

[[package]]
name = "mypy"
version = "1.19.1"
source = { registry = "https://pypi.org/simple" }
dependencies = [
    { name = "librt", marker = "platform_python_implementation != 'PyPy'" },
    { name = "mypy-extensions" },
    { name = "pathspec" },
    { name = "typing-extensions" },
]
sdist = { url = "https://files.pythonhosted.org/packages/f5/db/4efed9504bc01309ab9c2da7e352cc223569f05478012b5d9ece38fd44d2/mypy-1.19.1.tar.gz", hash = "sha256:19d88bb05303fe63f71dd2c6270daca27cb9401c4ca8255fe50d1d920e0eb9ba", size = 3582404, upload-time = "2025-12-15T05:03:48.42Z" }
wheels = [
    { url = "https://files.pythonhosted.org/packages/de/eb/b83e75f4c820c4247a58580ef86fcd35165028f191e7e1ba57128c52782d/mypy-1.19.1-cp314-cp314-macosx_10_15_x86_64.whl", hash = "sha256:06e6170bd5836770e8104c8fdd58e5e725cfeb309f0a6c681a811f557e97eac1", size = 13199744, upload-time = "2025-12-15T05:03:30.823Z" },
    { url = "https://files.pythonhosted.org/packages/94/28/52785ab7bfa165f87fcbb61547a93f98bb20e7f82f90f165a1f69bce7b3d/mypy-1.19.1-cp314-cp314-macosx_11_0_arm64.whl", hash = "sha256:804bd67b8054a85447c8954215a906d6eff9cabeabe493fb6334b24f4bfff718", size = 12215815, upload-time = "2025-12-15T05:02:42.323Z" },
    { url = "https://files.pythonhosted.org/packages/0a/c6/bdd60774a0dbfb05122e3e925f2e9e846c009e479dcec4821dad881f5b52/mypy-1.19.1-cp314-cp314-manylinux2014_aarch64.manylinux_2_17_aarch64.manylinux_2_28_aarch64.whl", hash = "sha256:21761006a7f497cb0d4de3d8ef4ca70532256688b0523eee02baf9eec895e27b", size = 12740047, upload-time = "2025-12-15T05:03:33.168Z" },
    { url = "https://files.pythonhosted.org/packages/32/2a/66ba933fe6c76bd40d1fe916a83f04fed253152f451a877520b3c4a5e41e/mypy-1.19.1-cp314-cp314-manylinux2014_x86_64.manylinux_2_17_x86_64.manylinux_2_28_x86_64.whl", hash = "sha256:28902ee51f12e0f19e1e16fbe2f8f06b6637f482c459dd393efddd0ec7f82045", size = 13601998, upload-time = "2025-12-15T05:03:13.056Z" },
    { url = "https://files.pythonhosted.org/packages/e3/da/5055c63e377c5c2418760411fd6a63ee2b96cf95397259038756c042574f/mypy-1.19.1-cp314-cp314-musllinux_1_2_x86_64.whl", hash = "sha256:481daf36a4c443332e2ae9c137dfee878fcea781a2e3f895d54bd3002a900957", size = 13807476, upload-time = "2025-12-15T05:03:17.977Z" },
    { url = "https://files.pythonhosted.org/packages/cd/09/4ebd873390a063176f06b0dbf1f7783dd87bd120eae7727fa4ae4179b685/mypy-1.19.1-cp314-cp314-win_amd64.whl", hash = "sha256:8bb5c6f6d043655e055be9b542aa5f3bdd30e4f3589163e85f93f3640060509f", size = 10281872, upload-time = "2025-12-15T05:03:05.549Z" },
    { url = "https://files.pythonhosted.org/packages/8d/f4/4ce9a05ce5ded1de3ec1c1d96cf9f9504a04e54ce0ed55cfa38619a32b8d/mypy-1.19.1-py3-none-any.whl", hash = "sha256:f1235f5ea01b7db5468d53ece6aaddf1ad0b88d9e7462b86ef96fe04995d7247", size = 2471239, upload-time = "2025-12-15T05:03:07.248Z" },
]

[[package]]
name = "mypy-extensions"
version = "1.1.0"
source = { registry = "https://pypi.org/simple" }
sdist = { url = "https://files.pythonhosted.org/packages/a2/6e/371856a3fb9d31ca8dac321cda606860fa4548858c0cc45d9d1d4ca2628b/mypy_extensions-1.1.0.tar.gz", hash = "sha256:52e68efc3284861e772bbcd66823fde5ae21fd2fdb51c62a211403730b916558", size = 6343, upload-time = "2025-04-22T14:54:24.164Z" }
wheels = [
    { url = "https://files.pythonhosted.org/packages/79/7b/2c79738432f5c924bef5071f933bcc9efd0473bac3b4aa584a6f7c1c8df8/mypy_extensions-1.1.0-py3-none-any.whl", hash = "sha256:1be4cccdb0f2482337c4743e60421de3a356cd97508abadd57d47403e94f5505", size = 4963, upload-time = "2025-04-22T14:54:22.983Z" },
]

[[package]]
name = "mypy-protobuf"
version = "3.7.0"
source = { registry = "https://pypi.org/simple" }
dependencies = [
    { name = "protobuf" },
    { name = "types-protobuf" },
]
sdist = { url = "https://files.pythonhosted.org/packages/99/bd/92ee9e7d2ff30cb57b36bd6f61ee4da8a05acf32f6a6121883b58720e9d4/mypy_protobuf-3.7.0.tar.gz", hash = "sha256:912fb281f7c7b3e3a7c9b8695712618a716fddbab70f6ad63eaf68eda80c5efe", size = 25690, upload-time = "2025-11-17T22:11:12.809Z" }
wheels = [
    { url = "https://files.pythonhosted.org/packages/69/32/709df4390d155bd72e75f2a9bce6004c2958a21f31817f3a2c7750299f70/mypy_protobuf-3.7.0-py3-none-any.whl", hash = "sha256:85256e9d4da935722ce8fbaa8d19397e1a2989aa8075c96577987de9fe7cea4d", size = 17488, upload-time = "2025-11-17T22:11:11.62Z" },
]

[[package]]
name = "nodeenv"
version = "1.10.0"
source = { registry = "https://pypi.org/simple" }
sdist = { url = "https://files.pythonhosted.org/packages/24/bf/d1bda4f6168e0b2e9e5958945e01910052158313224ada5ce1fb2e1113b8/nodeenv-1.10.0.tar.gz", hash = "sha256:996c191ad80897d076bdfba80a41994c2b47c68e224c542b48feba42ba00f8bb", size = 55611, upload-time = "2025-12-20T14:08:54.006Z" }
wheels = [
    { url = "https://files.pythonhosted.org/packages/88/b2/d0896bdcdc8d28a7fc5717c305f1a861c26e18c05047949fb371034d98bd/nodeenv-1.10.0-py2.py3-none-any.whl", hash = "sha256:5bb13e3eed2923615535339b3c620e76779af4cb4c6a90deccc9e36b274d3827", size = 23438, upload-time = "2025-12-20T14:08:52.782Z" },
]

[[package]]
name = "packaging"
version = "26.0"
source = { registry = "https://pypi.org/simple" }
sdist = { url = "https://files.pythonhosted.org/packages/65/ee/299d360cdc32edc7d2cf530f3accf79c4fca01e96ffc950d8a52213bd8e4/packaging-26.0.tar.gz", hash = "sha256:00243ae351a257117b6a241061796684b084ed1c516a08c48a3f7e147a9d80b4", size = 143416, upload-time = "2026-01-21T20:50:39.064Z" }
wheels = [
    { url = "https://files.pythonhosted.org/packages/b7/b9/c538f279a4e237a006a2c98387d081e9eb060d203d8ed34467cc0f0b9b53/packaging-26.0-py3-none-any.whl", hash = "sha256:b36f1fef9334a5588b4166f8bcd26a14e521f2b55e6b9de3aaa80d3ff7a37529", size = 74366, upload-time = "2026-01-21T20:50:37.788Z" },
]

[[package]]
name = "pathspec"
version = "1.0.4"
source = { registry = "https://pypi.org/simple" }
sdist = { url = "https://files.pythonhosted.org/packages/fa/36/e27608899f9b8d4dff0617b2d9ab17ca5608956ca44461ac14ac48b44015/pathspec-1.0.4.tar.gz", hash = "sha256:0210e2ae8a21a9137c0d470578cb0e595af87edaa6ebf12ff176f14a02e0e645", size = 131200, upload-time = "2026-01-27T03:59:46.938Z" }
wheels = [
    { url = "https://files.pythonhosted.org/packages/ef/3c/2c197d226f9ea224a9ab8d197933f9da0ae0aac5b6e0f884e2b8d9c8e9f7/pathspec-1.0.4-py3-none-any.whl", hash = "sha256:fb6ae2fd4e7c921a165808a552060e722767cfa526f99ca5156ed2ce45a5c723", size = 55206, upload-time = "2026-01-27T03:59:45.137Z" },
]

[[package]]
name = "pluggy"
version = "1.6.0"
source = { registry = "https://pypi.org/simple" }
sdist = { url = "https://files.pythonhosted.org/packages/f9/e2/3e91f31a7d2b083fe6ef3fa267035b518369d9511ffab804f839851d2779/pluggy-1.6.0.tar.gz", hash = "sha256:7dcc130b76258d33b90f61b658791dede3486c3e6bfb003ee5c9bfb396dd22f3", size = 69412, upload-time = "2025-05-15T12:30:07.975Z" }
wheels = [
    { url = "https://files.pythonhosted.org/packages/54/20/4d324d65cc6d9205fabedc306948156824eb9f0ee1633355a8f7ec5c66bf/pluggy-1.6.0-py3-none-any.whl", hash = "sha256:e920276dd6813095e9377c0bc5566d94c932c33b27a3e3945d8389c374dd4746", size = 20538, upload-time = "2025-05-15T12:30:06.134Z" },
]

[[package]]
name = "proto-importer-e2e"
version = "0.1.0"
source = { editable = "." }
dependencies = [
    { name = "grpcio" },
    { name = "grpcio-tools" },
]

[package.dev-dependencies]
dev = [
    { name = "grpc-stubs" },
    { name = "grpcio-tools" },
    { name = "mypy" },
    { name = "mypy-protobuf" },
    { name = "pyright" },
    { name = "pytest" },
    { name = "types-protobuf" },
]

[package.metadata]
requires-dist = [
    { name = "grpcio", specifier = "==1.78.1" },
    { name = "grpcio-tools", specifier = "==1.78.1" },
]

[package.metadata.requires-dev]
dev = [
    { name = "grpc-stubs", specifier = ">=1.24" },
    { name = "grpcio-tools", specifier = ">=1.74" },
    { name = "mypy", specifier = "==1.19.1" },
    { name = "mypy-protobuf", specifier = "==3.7.0" },
    { name = "pyright", specifier = "==1.1.408" },
    { name = "pytest", specifier = "==8.4.2" },
    { name = "types-protobuf", specifier = ">=5.28" },
]

[[package]]
name = "protobuf"
version = "6.33.5"
source = { registry = "https://pypi.org/simple" }
sdist = { url = "https://files.pythonhosted.org/packages/ba/25/7c72c307aafc96fa87062aa6291d9f7c94836e43214d43722e86037aac02/protobuf-6.33.5.tar.gz", hash = "sha256:6ddcac2a081f8b7b9642c09406bc6a4290128fce5f471cddd165960bb9119e5c", size = 444465, upload-time = "2026-01-29T21:51:33.494Z" }
wheels = [
    { url = "https://files.pythonhosted.org/packages/b1/79/af92d0a8369732b027e6d6084251dd8e782c685c72da161bd4a2e00fbabb/protobuf-6.33.5-cp310-abi3-win32.whl", hash = "sha256:d71b040839446bac0f4d162e758bea99c8251161dae9d0983a3b88dee345153b", size = 425769, upload-time = "2026-01-29T21:51:21.751Z" },
    { url = "https://files.pythonhosted.org/packages/55/75/bb9bc917d10e9ee13dee8607eb9ab963b7cf8be607c46e7862c748aa2af7/protobuf-6.33.5-cp310-abi3-win_amd64.whl", hash = "sha256:3093804752167bcab3998bec9f1048baae6e29505adaf1afd14a37bddede533c", size = 437118, upload-time = "2026-01-29T21:51:24.022Z" },
    { url = "https://files.pythonhosted.org/packages/a2/6b/e48dfc1191bc5b52950246275bf4089773e91cb5ba3592621723cdddca62/protobuf-6.33.5-cp39-abi3-macosx_10_9_universal2.whl", hash = "sha256:a5cb85982d95d906df1e2210e58f8e4f1e3cdc088e52c921a041f9c9a0386de5", size = 427766, upload-time = "2026-01-29T21:51:25.413Z" },
    { url = "https://files.pythonhosted.org/packages/4e/b1/c79468184310de09d75095ed1314b839eb2f72df71097db9d1404a1b2717/protobuf-6.33.5-cp39-abi3-manylinux2014_aarch64.whl", hash = "sha256:9b71e0281f36f179d00cbcb119cb19dec4d14a81393e5ea220f64b286173e190", size = 324638, upload-time = "2026-01-29T21:51:26.423Z" },
    { url = "https://files.pythonhosted.org/packages/c5/f5/65d838092fd01c44d16037953fd4c2cc851e783de9b8f02b27ec4ffd906f/protobuf-6.33.5-cp39-abi3-manylinux2014_s390x.whl", hash = "sha256:8afa18e1d6d20af15b417e728e9f60f3aa108ee76f23c3b2c07a2c3b546d3afd", size = 339411, upload-time = "2026-01-29T21:51:27.446Z" },
    { url = "https://files.pythonhosted.org/packages/9b/53/a9443aa3ca9ba8724fdfa02dd1887c1bcd8e89556b715cfbacca6b63dbec/protobuf-6.33.5-cp39-abi3-manylinux2014_x86_64.whl", hash = "sha256:cbf16ba3350fb7b889fca858fb215967792dc125b35c7976ca4818bee3521cf0", size = 323465, upload-time = "2026-01-29T21:51:28.925Z" },
    { url = "https://files.pythonhosted.org/packages/57/bf/2086963c69bdac3d7cff1cc7ff79b8ce5ea0bec6797a017e1be338a46248/protobuf-6.33.5-py3-none-any.whl", hash = "sha256:69915a973dd0f60f31a08b8318b73eab2bd6a392c79184b3612226b0a3f8ec02", size = 170687, upload-time = "2026-01-29T21:51:32.557Z" },
]

[[package]]
name = "pygments"
version = "2.19.2"
source = { registry = "https://pypi.org/simple" }
sdist = { url = "https://files.pythonhosted.org/packages/b0/77/a5b8c569bf593b0140bde72ea885a803b82086995367bf2037de0159d924/pygments-2.19.2.tar.gz", hash = "sha256:636cb2477cec7f8952536970bc533bc43743542f70392ae026374600add5b887", size = 4968631, upload-time = "2025-06-21T13:39:12.283Z" }
wheels = [
    { url = "https://files.pythonhosted.org/packages/c7/21/705964c7812476f378728bdf590ca4b771ec72385c533964653c68e86bdc/pygments-2.19.2-py3-none-any.whl", hash = "sha256:86540386c03d588bb81d44bc3928634ff26449851e99741617ecb9037ee5ec0b", size = 1225217, upload-time = "2025-06-21T13:39:07.939Z" },
]

[[package]]
name = "pyright"
version = "1.1.408"
source = { registry = "https://pypi.org/simple" }
dependencies = [
    { name = "nodeenv" },
    { name = "typing-extensions" },
]
sdist = { url = "https://files.pythonhosted.org/packages/74/b2/5db700e52554b8f025faa9c3c624c59f1f6c8841ba81ab97641b54322f16/pyright-1.1.408.tar.gz", hash = "sha256:f28f2321f96852fa50b5829ea492f6adb0e6954568d1caa3f3af3a5f555eb684", size = 4400578, upload-time = "2026-01-08T08:07:38.795Z" }
wheels = [
    { url = "https://files.pythonhosted.org/packages/0c/82/a2c93e32800940d9573fb28c346772a14778b84ba7524e691b324620ab89/pyright-1.1.408-py3-none-any.whl", hash = "sha256:090b32865f4fdb1e0e6cd82bf5618480d48eecd2eb2e70f960982a3d9a4c17c1", size = 6399144, upload-time = "2026-01-08T08:07:37.082Z" },
]

[[package]]
name = "pytest"
version = "8.4.2"
source = { registry = "https://pypi.org/simple" }
dependencies = [
    { name = "colorama", marker = "sys_platform == 'win32'" },
    { name = "iniconfig" },
    { name = "packaging" },
    { name = "pluggy" },
    { name = "pygments" },
]
sdist = { url = "https://files.pythonhosted.org/packages/a3/5c/00a0e072241553e1a7496d638deababa67c5058571567b92a7eaa258397c/pytest-8.4.2.tar.gz", hash = "sha256:86c0d0b93306b961d58d62a4db4879f27fe25513d4b969df351abdddb3c30e01", size = 1519618, upload-time = "2025-09-04T14:34:22.711Z" }
wheels = [
    { url = "https://files.pythonhosted.org/packages/a8/a4/20da314d277121d6534b3a980b29035dcd51e6744bd79075a6ce8fa4eb8d/pytest-8.4.2-py3-none-any.whl", hash = "sha256:872f880de3fc3a5bdc88a11b39c9710c3497a547cfa9320bc3c5e62fbf272e79", size = 365750, upload-time = "2025-09-04T14:34:20.226Z" },
]

[[package]]
name = "setuptools"
version = "82.0.0"
source = { registry = "https://pypi.org/simple" }
sdist = { url = "https://files.pythonhosted.org/packages/82/f3/748f4d6f65d1756b9ae577f329c951cda23fb900e4de9f70900ced962085/setuptools-82.0.0.tar.gz", hash = "sha256:22e0a2d69474c6ae4feb01951cb69d515ed23728cf96d05513d36e42b62b37cb", size = 1144893, upload-time = "2026-02-08T15:08:40.206Z" }
wheels = [
    { url = "https://files.pythonhosted.org/packages/e1/c6/76dc613121b793286a3f91621d7b75a2b493e0390ddca50f11993eadf192/setuptools-82.0.0-py3-none-any.whl", hash = "sha256:70b18734b607bd1da571d097d236cfcfacaf01de45717d59e6e04b96877532e0", size = 1003468, upload-time = "2026-02-08T15:08:38.723Z" },
]

[[package]]
name = "types-protobuf"
version = "6.32.1.20260221"
source = { registry = "https://pypi.org/simple" }
sdist = { url = "https://files.pythonhosted.org/packages/5f/e2/9aa4a3b2469508bd7b4e2ae11cbedaf419222a09a1b94daffcd5efca4023/types_protobuf-6.32.1.20260221.tar.gz", hash = "sha256:6d5fb060a616bfb076cbb61b4b3c3969f5fc8bec5810f9a2f7e648ee5cbcbf6e", size = 64408, upload-time = "2026-02-21T03:55:13.916Z" }
wheels = [
    { url = "https://files.pythonhosted.org/packages/2e/e8/1fd38926f9cf031188fbc5a96694203ea6f24b0e34bd64a225ec6f6291ba/types_protobuf-6.32.1.20260221-py3-none-any.whl", hash = "sha256:da7cdd947975964a93c30bfbcc2c6841ee646b318d3816b033adc2c4eb6448e4", size = 77956, upload-time = "2026-02-21T03:55:12.894Z" },
]

[[package]]
name = "typing-extensions"
version = "4.15.0"
source = { registry = "https://pypi.org/simple" }
sdist = { url = "https://files.pythonhosted.org/packages/72/94/1a15dd82efb362ac84269196e94cf00f187f7ed21c242792a923cdb1c61f/typing_extensions-4.15.0.tar.gz", hash = "sha256:0cea48d173cc12fa28ecabc3b837ea3cf6f38c6d1136f85cbaaf598984861466", size = 109391, upload-time = "2025-08-25T13:49:26.313Z" }
wheels = [
    { url = "https://files.pythonhosted.org/packages/18/67/36e9267722cc04a6b9f15c7f3441c2363321a3ea07da7ae0c0707beb2a9c/typing_extensions-4.15.0-py3-none-any.whl", hash = "sha256:f0fa19c6845758ab08074a0cfa8b7aecb71c999ca73d62883bc25cc018c4e548", size = 44614, upload-time = "2025-08-25T13:49:24.86Z" },
]
